// !$*UTF8*$!
{
	archiveVersion = 1;
	classes = {
	};
	objectVersion = 46;
	objects = {

/* Begin PBXBuildFile section */
		3232BC351B29F3CB00594EB2 /* TuneBanner.m in Sources */ = {isa = PBXBuildFile; fileRef = 3232BC341B29F3CB00594EB2 /* TuneBanner.m */; };
		3232BC371B29F3D200594EB2 /* TuneBanner.h in Headers */ = {isa = PBXBuildFile; fileRef = 3232BC361B29F3D200594EB2 /* TuneBanner.h */; settings = {ATTRIBUTES = (Public, ); }; };
		3232BC391B29FF4E00594EB2 /* TuneInterstitial.m in Sources */ = {isa = PBXBuildFile; fileRef = 3232BC381B29FF4E00594EB2 /* TuneInterstitial.m */; };
		3232BC3B1B29FF5700594EB2 /* TuneInterstitial.h in Headers */ = {isa = PBXBuildFile; fileRef = 3232BC3A1B29FF5700594EB2 /* TuneInterstitial.h */; settings = {ATTRIBUTES = (Public, ); }; };
		3232BC471B2A33CF00594EB2 /* TuneAdView.h in Headers */ = {isa = PBXBuildFile; fileRef = 3232BC461B2A33CF00594EB2 /* TuneAdView.h */; settings = {ATTRIBUTES = (Public, ); }; };
		42108BFA186250DB005BDB32 /* TuneQueueTests.m in Sources */ = {isa = PBXBuildFile; fileRef = 42108BF9186250DB005BDB32 /* TuneQueueTests.m */; };
		42108BFE1862518F005BDB32 /* TuneServerTests.m in Sources */ = {isa = PBXBuildFile; fileRef = 42108BFD1862518F005BDB32 /* TuneServerTests.m */; };
		42108C02186251EE005BDB32 /* TuneTestsHelper.m in Sources */ = {isa = PBXBuildFile; fileRef = 42108C01186251EE005BDB32 /* TuneTestsHelper.m */; };
		42108C04186277AB005BDB32 /* TuneParametersTests.m in Sources */ = {isa = PBXBuildFile; fileRef = 42108C03186277AB005BDB32 /* TuneParametersTests.m */; };
		42108C07186356E0005BDB32 /* TuneTestParams.m in Sources */ = {isa = PBXBuildFile; fileRef = 42108C06186356E0005BDB32 /* TuneTestParams.m */; };
		4212224518E0BCBE001F263E /* TuneInstallReceipt.h in Headers */ = {isa = PBXBuildFile; fileRef = 4212224318E0BCBD001F263E /* TuneInstallReceipt.h */; };
		4212224618E0BCBE001F263E /* TuneInstallReceipt.m in Sources */ = {isa = PBXBuildFile; fileRef = 4212224418E0BCBE001F263E /* TuneInstallReceipt.m */; };
		4260CBCC196B41CF0084FE12 /* TuneEncrypterTests.m in Sources */ = {isa = PBXBuildFile; fileRef = 4260CBCB196B41CF0084FE12 /* TuneEncrypterTests.m */; };
		4260CBCF196B69DF0084FE12 /* TuneEncrypter.h in Headers */ = {isa = PBXBuildFile; fileRef = 4260CBCD196B69DF0084FE12 /* TuneEncrypter.h */; };
		4260CBD0196B69DF0084FE12 /* TuneEncrypter.m in Sources */ = {isa = PBXBuildFile; fileRef = 4260CBCE196B69DF0084FE12 /* TuneEncrypter.m */; };
		4284981818E1ECE6008E8FF0 /* TuneInstallReceipt.m in Sources */ = {isa = PBXBuildFile; fileRef = 4212224418E0BCBE001F263E /* TuneInstallReceipt.m */; };
		428F084C18C13E5900B1AC24 /* TuneTrackerInitializationTests.m in Sources */ = {isa = PBXBuildFile; fileRef = 428F084B18C13E5900B1AC24 /* TuneTrackerInitializationTests.m */; };
		428F084F18C13F1900B1AC24 /* TuneTracker.h in Headers */ = {isa = PBXBuildFile; fileRef = 428F084D18C13F1900B1AC24 /* TuneTracker.h */; };
		428F085018C13F1900B1AC24 /* TuneTracker.m in Sources */ = {isa = PBXBuildFile; fileRef = 428F084E18C13F1900B1AC24 /* TuneTracker.m */; };
		428F085918C166DC00B1AC24 /* TuneHTTPErrorTests.m in Sources */ = {isa = PBXBuildFile; fileRef = 428F085818C166DC00B1AC24 /* TuneHTTPErrorTests.m */; };
		429857F81A41E2B5008539A6 /* TuneDeferredDplinkr.h in Headers */ = {isa = PBXBuildFile; fileRef = 429857F61A41E2B5008539A6 /* TuneDeferredDplinkr.h */; };
		429857F91A41E2B5008539A6 /* TuneDeferredDplinkr.m in Sources */ = {isa = PBXBuildFile; fileRef = 429857F71A41E2B5008539A6 /* TuneDeferredDplinkr.m */; };
		42BA465E19E5D3F00076249D /* TuneFBBridge.h in Headers */ = {isa = PBXBuildFile; fileRef = 42BA465C19E5D3F00076249D /* TuneFBBridge.h */; };
		42BA465F19E5D3F00076249D /* TuneFBBridge.m in Sources */ = {isa = PBXBuildFile; fileRef = 42BA465D19E5D3F00076249D /* TuneFBBridge.m */; };
		42C1E2B918C012B200C5789C /* TuneAppToAppTracker.h in Headers */ = {isa = PBXBuildFile; fileRef = 42C1E2B718C012B100C5789C /* TuneAppToAppTracker.h */; };
		42C1E2BA18C012B200C5789C /* TuneAppToAppTracker.m in Sources */ = {isa = PBXBuildFile; fileRef = 42C1E2B818C012B100C5789C /* TuneAppToAppTracker.m */; };
		42CBBD271880893F00187A4A /* TuneEventItem.h in Headers */ = {isa = PBXBuildFile; fileRef = 42CBBD251880893F00187A4A /* TuneEventItem.h */; settings = {ATTRIBUTES = (Public, ); }; };
		42CBBD281880893F00187A4A /* TuneEventItem.m in Sources */ = {isa = PBXBuildFile; fileRef = 42CBBD261880893F00187A4A /* TuneEventItem.m */; };
		42CBBD33188093DB00187A4A /* TuneSettings.h in Headers */ = {isa = PBXBuildFile; fileRef = 42CBBD31188093DB00187A4A /* TuneSettings.h */; };
		42CBBD34188093DB00187A4A /* TuneSettings.m in Sources */ = {isa = PBXBuildFile; fileRef = 42CBBD32188093DB00187A4A /* TuneSettings.m */; };
		42CD4180191156BC003D0293 /* TuneRegionMonitor.h in Headers */ = {isa = PBXBuildFile; fileRef = 42CD417E191156BC003D0293 /* TuneRegionMonitor.h */; };
		42CD4181191156BC003D0293 /* TuneRegionMonitor.m in Sources */ = {isa = PBXBuildFile; fileRef = 42CD417F191156BC003D0293 /* TuneRegionMonitor.m */; };
		42D52292199A8A9E00FC5F8F /* TuneEventQueue.h in Headers */ = {isa = PBXBuildFile; fileRef = 42D52290199A8A9E00FC5F8F /* TuneEventQueue.h */; };
		42D52293199A8A9E00FC5F8F /* TuneEventQueue.m in Sources */ = {isa = PBXBuildFile; fileRef = 42D52291199A8A9E00FC5F8F /* TuneEventQueue.m */; };
		42DD9C8B1863A719005CA6F9 /* TuneAutoParameterizationTests.m in Sources */ = {isa = PBXBuildFile; fileRef = 42DD9C8A1863A719005CA6F9 /* TuneAutoParameterizationTests.m */; };
		42EAA54A1860F4B900041A8D /* InfoPlist.strings in Resources */ = {isa = PBXBuildFile; fileRef = 42EAA5481860F4B900041A8D /* InfoPlist.strings */; };
		42EAA54C1860F4B900041A8D /* TuneTests.m in Sources */ = {isa = PBXBuildFile; fileRef = 42EAA54B1860F4B900041A8D /* TuneTests.m */; };
		42FFE859191D16AE00ACF2E2 /* TuneUserAgentCollector.h in Headers */ = {isa = PBXBuildFile; fileRef = 42FFE857191D16AE00ACF2E2 /* TuneUserAgentCollector.h */; };
		42FFE85A191D16AE00ACF2E2 /* TuneUserAgentCollector.m in Sources */ = {isa = PBXBuildFile; fileRef = 42FFE858191D16AE00ACF2E2 /* TuneUserAgentCollector.m */; };
		4FDFA18C15C700D300BEEC38 /* InfoPlist.strings in Resources */ = {isa = PBXBuildFile; fileRef = 4FDFA18A15C700D300BEEC38 /* InfoPlist.strings */; };
		4FDFA1B215C7029A00BEEC38 /* TuneKeyStrings.h in Headers */ = {isa = PBXBuildFile; fileRef = 4FDFA19C15C7029A00BEEC38 /* TuneKeyStrings.h */; };
		4FDFA1B315C7029A00BEEC38 /* TuneKeyStrings.m in Sources */ = {isa = PBXBuildFile; fileRef = 4FDFA19D15C7029A00BEEC38 /* TuneKeyStrings.m */; };
		4FDFA1B615C7029A00BEEC38 /* NSString+TuneURLEncoding.h in Headers */ = {isa = PBXBuildFile; fileRef = 4FDFA1A015C7029A00BEEC38 /* NSString+TuneURLEncoding.h */; };
		4FDFA1B715C7029A00BEEC38 /* NSString+TuneURLEncoding.m in Sources */ = {isa = PBXBuildFile; fileRef = 4FDFA1A115C7029A00BEEC38 /* NSString+TuneURLEncoding.m */; };
		4FDFA1BC15C7029A00BEEC38 /* TuneRequestsQueue.h in Headers */ = {isa = PBXBuildFile; fileRef = 4FDFA1A615C7029A00BEEC38 /* TuneRequestsQueue.h */; };
		4FDFA1BE15C7029A00BEEC38 /* TuneRequestsQueuePart.h in Headers */ = {isa = PBXBuildFile; fileRef = 4FDFA1A815C7029A00BEEC38 /* TuneRequestsQueuePart.h */; };
		4FDFA1C215C7029A00BEEC38 /* TuneUtils.h in Headers */ = {isa = PBXBuildFile; fileRef = 4FDFA1AC15C7029A00BEEC38 /* TuneUtils.h */; };
		4FDFA1C315C7029A00BEEC38 /* TuneUtils.m in Sources */ = {isa = PBXBuildFile; fileRef = 4FDFA1AD15C7029A00BEEC38 /* TuneUtils.m */; };
		4FDFA21915C7032400BEEC38 /* Tune.h in Headers */ = {isa = PBXBuildFile; fileRef = 4FDFA21515C7032400BEEC38 /* Tune.h */; settings = {ATTRIBUTES = (Public, ); }; };
		4FDFA21A15C7032400BEEC38 /* Tune.m in Sources */ = {isa = PBXBuildFile; fileRef = 4FDFA21615C7032400BEEC38 /* Tune.m */; };
		4FDFA21E15C7079A00BEEC38 /* TuneReachability.h in Headers */ = {isa = PBXBuildFile; fileRef = 4FDFA21C15C7079A00BEEC38 /* TuneReachability.h */; };
		4FDFA21F15C7079A00BEEC38 /* TuneReachability.m in Sources */ = {isa = PBXBuildFile; fileRef = 4FDFA21D15C7079A00BEEC38 /* TuneReachability.m */; };
		F8080C47196C8CFF00CF63BC /* TuneAd.h in Headers */ = {isa = PBXBuildFile; fileRef = F8080C36196C8CFF00CF63BC /* TuneAd.h */; };
		F8080C48196C8CFF00CF63BC /* TuneAd.m in Sources */ = {isa = PBXBuildFile; fileRef = F8080C37196C8CFF00CF63BC /* TuneAd.m */; };
		F8080C4A196C8CFF00CF63BC /* TuneAdDownloadHelper.h in Headers */ = {isa = PBXBuildFile; fileRef = F8080C39196C8CFF00CF63BC /* TuneAdDownloadHelper.h */; };
		F8080C4B196C8CFF00CF63BC /* TuneAdDownloadHelper.m in Sources */ = {isa = PBXBuildFile; fileRef = F8080C3A196C8CFF00CF63BC /* TuneAdDownloadHelper.m */; };
		F8080C4C196C8CFF00CF63BC /* TuneAdInterstitialVC.h in Headers */ = {isa = PBXBuildFile; fileRef = F8080C3B196C8CFF00CF63BC /* TuneAdInterstitialVC.h */; };
		F8080C4D196C8CFF00CF63BC /* TuneAdInterstitialVC.m in Sources */ = {isa = PBXBuildFile; fileRef = F8080C3C196C8CFF00CF63BC /* TuneAdInterstitialVC.m */; };
		F8080C4E196C8CFF00CF63BC /* TuneAdNetworkHelper.h in Headers */ = {isa = PBXBuildFile; fileRef = F8080C3D196C8CFF00CF63BC /* TuneAdNetworkHelper.h */; };
		F8080C4F196C8CFF00CF63BC /* TuneAdNetworkHelper.m in Sources */ = {isa = PBXBuildFile; fileRef = F8080C3E196C8CFF00CF63BC /* TuneAdNetworkHelper.m */; };
		F8080C50196C8CFF00CF63BC /* TuneAdUtilitiesUI.h in Headers */ = {isa = PBXBuildFile; fileRef = F8080C3F196C8CFF00CF63BC /* TuneAdUtilitiesUI.h */; };
		F8080C51196C8CFF00CF63BC /* TuneAdUtilitiesUI.m in Sources */ = {isa = PBXBuildFile; fileRef = F8080C40196C8CFF00CF63BC /* TuneAdUtilitiesUI.m */; };
		F808B44A1B716C310067114F /* MATEvent_internal.h in Headers */ = {isa = PBXBuildFile; fileRef = F808B4491B716C310067114F /* MATEvent_internal.h */; };
		F80E4FAA1A536970001918CF /* TuneAdNetworkHelperTests.m in Sources */ = {isa = PBXBuildFile; fileRef = F80E4FA91A536970001918CF /* TuneAdNetworkHelperTests.m */; };
		F824DE821AE5A37F0042E796 /* TuneStoreKitDelegate.h in Headers */ = {isa = PBXBuildFile; fileRef = F824DE801AE5A37F0042E796 /* TuneStoreKitDelegate.h */; };
		F824DE831AE5A37F0042E796 /* TuneStoreKitDelegate.m in Sources */ = {isa = PBXBuildFile; fileRef = F824DE811AE5A37F0042E796 /* TuneStoreKitDelegate.m */; };
		F83044731A16D78A002CA9A1 /* TuneAdMetadata.h in Headers */ = {isa = PBXBuildFile; fileRef = F83044711A16D78A002CA9A1 /* TuneAdMetadata.h */; settings = {ATTRIBUTES = (Public, ); }; };
		F83044741A16D78A002CA9A1 /* TuneAdMetadata.m in Sources */ = {isa = PBXBuildFile; fileRef = F83044721A16D78A002CA9A1 /* TuneAdMetadata.m */; };
		F835C8E21AEED5E300B56A9D /* TunePreloadData.h in Headers */ = {isa = PBXBuildFile; fileRef = F835C8E01AEED5E300B56A9D /* TunePreloadData.h */; settings = {ATTRIBUTES = (Public, ); }; };
		F835C8E31AEED5E300B56A9D /* TunePreloadData.m in Sources */ = {isa = PBXBuildFile; fileRef = F835C8E11AEED5E300B56A9D /* TunePreloadData.m */; };
		F83D5BFB199E943800C40A68 /* TuneAdKeyStrings.h in Headers */ = {isa = PBXBuildFile; fileRef = F83D5BF9199E943800C40A68 /* TuneAdKeyStrings.h */; };
		F83D5BFC199E943800C40A68 /* TuneAdKeyStrings.m in Sources */ = {isa = PBXBuildFile; fileRef = F83D5BFA199E943800C40A68 /* TuneAdKeyStrings.m */; };
		F84C7B0D1B70027400AE871C /* TuneIfa.h in Headers */ = {isa = PBXBuildFile; fileRef = F84C7B0B1B70027400AE871C /* TuneIfa.h */; };
		F84C7B0E1B70027400AE871C /* TuneIfa.m in Sources */ = {isa = PBXBuildFile; fileRef = F84C7B0C1B70027400AE871C /* TuneIfa.m */; };
		F84C7B481B70382200AE871C /* TuneLocation_internal.h in Headers */ = {isa = PBXBuildFile; fileRef = F84C7B471B70382200AE871C /* TuneLocation_internal.h */; };
		F84C7B4B1B70389800AE871C /* TuneLocation.h in Headers */ = {isa = PBXBuildFile; fileRef = F84C7B491B70389800AE871C /* TuneLocation.h */; settings = {ATTRIBUTES = (Public, ); }; };
		F84C7B4C1B70389800AE871C /* TuneLocation.m in Sources */ = {isa = PBXBuildFile; fileRef = F84C7B4A1B70389800AE871C /* TuneLocation.m */; };
		F85C672719B9098800AF940F /* TuneAdViewTests.m in Sources */ = {isa = PBXBuildFile; fileRef = F85C672619B9098800AF940F /* TuneAdViewTests.m */; };
		F85C672919B90A0700AF940F /* TuneAdTests.m in Sources */ = {isa = PBXBuildFile; fileRef = F85C672819B90A0700AF940F /* TuneAdTests.m */; };
		F85C672B19B90A7F00AF940F /* TuneAdUtilsTests.m in Sources */ = {isa = PBXBuildFile; fileRef = F85C672A19B90A7F00AF940F /* TuneAdUtilsTests.m */; };
		F85C672D19B90AA000AF940F /* TuneAdParamsTests.m in Sources */ = {isa = PBXBuildFile; fileRef = F85C672C19B90AA000AF940F /* TuneAdParamsTests.m */; };
		F85C672F19B90B0600AF940F /* TuneAdDownloadHelperTests.m in Sources */ = {isa = PBXBuildFile; fileRef = F85C672E19B90B0600AF940F /* TuneAdDownloadHelperTests.m */; };
		F85D8B061AEEEDA600379028 /* TuneEventTests.m in Sources */ = {isa = PBXBuildFile; fileRef = F85D8B051AEEEDA600379028 /* TuneEventTests.m */; };
		F85D8B081AEEF33300379028 /* TunePreloadDataTests.m in Sources */ = {isa = PBXBuildFile; fileRef = F85D8B071AEEF33300379028 /* TunePreloadDataTests.m */; };
		F861A99F1A5216A300185E2F /* MobileAppTracker.framework in Frameworks */ = {isa = PBXBuildFile; fileRef = 4FDFA18215C700D300BEEC38 /* MobileAppTracker.framework */; };
		F861A9A11A52184F00185E2F /* CoreTelephony.framework in Frameworks */ = {isa = PBXBuildFile; fileRef = F861A9A01A52184F00185E2F /* CoreTelephony.framework */; };
		F865FE611B73F67400A2BBEC /* TuneAdView.m in Sources */ = {isa = PBXBuildFile; fileRef = F865FE601B73F67400A2BBEC /* TuneAdView.m */; };
		F865FE631B73F67D00A2BBEC /* TuneAdView_internal.h in Headers */ = {isa = PBXBuildFile; fileRef = F865FE621B73F67D00A2BBEC /* TuneAdView_internal.h */; };
		F86E5C571B1BD1E200F82326 /* TuneAdPlacementManager.h in Headers */ = {isa = PBXBuildFile; fileRef = F86E5C551B1BD1E200F82326 /* TuneAdPlacementManager.h */; };
		F86E5C581B1BD1E200F82326 /* TuneAdPlacementManager.m in Sources */ = {isa = PBXBuildFile; fileRef = F86E5C561B1BD1E200F82326 /* TuneAdPlacementManager.m */; };
		F86E5C671B1BD2C100F82326 /* TuneAdPlacement.h in Headers */ = {isa = PBXBuildFile; fileRef = F86E5C651B1BD2C100F82326 /* TuneAdPlacement.h */; };
		F86E5C681B1BD2C100F82326 /* TuneAdPlacement.m in Sources */ = {isa = PBXBuildFile; fileRef = F86E5C661B1BD2C100F82326 /* TuneAdPlacement.m */; };
		F883D9C11AAF984200E7223E /* TuneEvent.h in Headers */ = {isa = PBXBuildFile; fileRef = F883D9BF1AAF984200E7223E /* TuneEvent.h */; settings = {ATTRIBUTES = (Public, ); }; };
		F883D9C21AAF984200E7223E /* TuneEvent.m in Sources */ = {isa = PBXBuildFile; fileRef = F883D9C01AAF984200E7223E /* TuneEvent.m */; };
		F89BDEE91ABCA3EE002485ED /* TuneKeyStrings.m in Sources */ = {isa = PBXBuildFile; fileRef = 4FDFA19D15C7029A00BEEC38 /* TuneKeyStrings.m */; };
		F8A2EA8316445D3E0023FCE1 /* TuneCWorks.h in Headers */ = {isa = PBXBuildFile; fileRef = F8A2EA8116445D3E0023FCE1 /* TuneCWorks.h */; };
		F8A2EA8416445D3E0023FCE1 /* TuneCWorks.m in Sources */ = {isa = PBXBuildFile; fileRef = F8A2EA8216445D3E0023FCE1 /* TuneCWorks.m */; };
		F8A85C5A196E0E760012927E /* TuneAdParams.h in Headers */ = {isa = PBXBuildFile; fileRef = F8A85C58196E0E760012927E /* TuneAdParams.h */; };
		F8A85C5B196E0E760012927E /* TuneAdParams.m in Sources */ = {isa = PBXBuildFile; fileRef = F8A85C59196E0E760012927E /* TuneAdParams.m */; };
		F8A85C5D196E26620012927E /* Tune_internal.h in Headers */ = {isa = PBXBuildFile; fileRef = F8A85C5C196E26620012927E /* Tune_internal.h */; };
		F8B71E5E1B55E4C0008E8215 /* TuneLocationHelper.h in Headers */ = {isa = PBXBuildFile; fileRef = F8B71E5C1B55E4C0008E8215 /* TuneLocationHelper.h */; };
		F8B71E5F1B55E4C0008E8215 /* TuneLocationHelper.m in Sources */ = {isa = PBXBuildFile; fileRef = F8B71E5D1B55E4C0008E8215 /* TuneLocationHelper.m */; };
		F8B71E731B56F869008E8215 /* MATPreloadData.h in Headers */ = {isa = PBXBuildFile; fileRef = F8B71E701B56F869008E8215 /* MATPreloadData.h */; settings = {ATTRIBUTES = (Public, ); }; };
		F8B71E741B56F869008E8215 /* MATPreloadData.m in Sources */ = {isa = PBXBuildFile; fileRef = F8B71E711B56F869008E8215 /* MATPreloadData.m */; };
		F8B71E751B56F869008E8215 /* MobileAppTracker.h in Headers */ = {isa = PBXBuildFile; fileRef = F8B71E721B56F869008E8215 /* MobileAppTracker.h */; settings = {ATTRIBUTES = (Public, ); }; };
		F8B71E7B1B56FA55008E8215 /* MATEvent.h in Headers */ = {isa = PBXBuildFile; fileRef = F8B71E761B56FA55008E8215 /* MATEvent.h */; settings = {ATTRIBUTES = (Public, ); }; };
		F8B71E7C1B56FA55008E8215 /* MATEvent.m in Sources */ = {isa = PBXBuildFile; fileRef = F8B71E771B56FA55008E8215 /* MATEvent.m */; };
		F8B71E7D1B56FA55008E8215 /* MATEventItem.h in Headers */ = {isa = PBXBuildFile; fileRef = F8B71E781B56FA55008E8215 /* MATEventItem.h */; settings = {ATTRIBUTES = (Public, ); }; };
		F8B71E7E1B56FA55008E8215 /* MATEventItem.m in Sources */ = {isa = PBXBuildFile; fileRef = F8B71E791B56FA55008E8215 /* MATEventItem.m */; };
		F8B71E7F1B56FA55008E8215 /* MobileAppTracker.m in Sources */ = {isa = PBXBuildFile; fileRef = F8B71E7A1B56FA55008E8215 /* MobileAppTracker.m */; };
		F8BAC7F1189333BB001A25FC /* TuneUtilsTests.m in Sources */ = {isa = PBXBuildFile; fileRef = F8BAC7F0189333BB001A25FC /* TuneUtilsTests.m */; };
		F8BAC7F3189335B0001A25FC /* TuneEventItemTests.m in Sources */ = {isa = PBXBuildFile; fileRef = F8BAC7F2189335B0001A25FC /* TuneEventItemTests.m */; };
		F8BF1CA019B536910002B5FD /* TuneAdUtils.h in Headers */ = {isa = PBXBuildFile; fileRef = F8BF1C9E19B536910002B5FD /* TuneAdUtils.h */; };
		F8BF1CA119B536910002B5FD /* TuneAdUtils.m in Sources */ = {isa = PBXBuildFile; fileRef = F8BF1C9F19B536910002B5FD /* TuneAdUtils.m */; };
		F8C1E84B1980729F00101D56 /* TuneEncrypter.m in Sources */ = {isa = PBXBuildFile; fileRef = 4260CBCE196B69DF0084FE12 /* TuneEncrypter.m */; };
		F8C5D35219A8134F002CCC39 /* TuneAdSKStoreProductViewController.h in Headers */ = {isa = PBXBuildFile; fileRef = F8C5D35019A8134F002CCC39 /* TuneAdSKStoreProductViewController.h */; };
		F8C5D35319A8134F002CCC39 /* TuneAdSKStoreProductViewController.m in Sources */ = {isa = PBXBuildFile; fileRef = F8C5D35119A8134F002CCC39 /* TuneAdSKStoreProductViewController.m */; };
		F8E580871AA7D00A0000E856 /* TuneRequestsQueue.m in Sources */ = {isa = PBXBuildFile; fileRef = 4FDFA1A715C7029A00BEEC38 /* TuneRequestsQueue.m */; };
		F8E580881AA7D00A0000E856 /* TuneRequestsQueuePart.m in Sources */ = {isa = PBXBuildFile; fileRef = 4FDFA1A915C7029A00BEEC38 /* TuneRequestsQueuePart.m */; };
		F8F498A31B03C8D000A51D2D /* TuneEvent_internal.h in Headers */ = {isa = PBXBuildFile; fileRef = F8F498A21B03C8D000A51D2D /* TuneEvent_internal.h */; };
		F8F698C91AF161B200D71CB6 /* TuneUtils.m in Sources */ = {isa = PBXBuildFile; fileRef = 4FDFA1AD15C7029A00BEEC38 /* TuneUtils.m */; };
/* End PBXBuildFile section */

/* Begin PBXContainerItemProxy section */
		F85D8B091AEEF7E600379028 /* PBXContainerItemProxy */ = {
			isa = PBXContainerItemProxy;
			containerPortal = 4FDFA17515C700D300BEEC38 /* Project object */;
			proxyType = 1;
			remoteGlobalIDString = 4FDFA18115C700D300BEEC38;
			remoteInfo = Tune;
		};
/* End PBXContainerItemProxy section */

/* Begin PBXFileReference section */
		3232BC341B29F3CB00594EB2 /* TuneBanner.m */ = {isa = PBXFileReference; fileEncoding = 4; lastKnownFileType = sourcecode.c.objc; name = TuneBanner.m; path = Ad/TuneBanner.m; sourceTree = "<group>"; };
		3232BC361B29F3D200594EB2 /* TuneBanner.h */ = {isa = PBXFileReference; fileEncoding = 4; lastKnownFileType = sourcecode.c.h; path = TuneBanner.h; sourceTree = "<group>"; };
		3232BC381B29FF4E00594EB2 /* TuneInterstitial.m */ = {isa = PBXFileReference; fileEncoding = 4; lastKnownFileType = sourcecode.c.objc; name = TuneInterstitial.m; path = Ad/TuneInterstitial.m; sourceTree = "<group>"; };
		3232BC3A1B29FF5700594EB2 /* TuneInterstitial.h */ = {isa = PBXFileReference; fileEncoding = 4; lastKnownFileType = sourcecode.c.h; path = TuneInterstitial.h; sourceTree = "<group>"; };
		3232BC461B2A33CF00594EB2 /* TuneAdView.h */ = {isa = PBXFileReference; fileEncoding = 4; lastKnownFileType = sourcecode.c.h; path = TuneAdView.h; sourceTree = "<group>"; };
		42108BF9186250DB005BDB32 /* TuneQueueTests.m */ = {isa = PBXFileReference; fileEncoding = 4; lastKnownFileType = sourcecode.c.objc; path = TuneQueueTests.m; sourceTree = "<group>"; };
		42108BFD1862518F005BDB32 /* TuneServerTests.m */ = {isa = PBXFileReference; fileEncoding = 4; lastKnownFileType = sourcecode.c.objc; path = TuneServerTests.m; sourceTree = "<group>"; };
		42108C00186251EE005BDB32 /* TuneTestsHelper.h */ = {isa = PBXFileReference; fileEncoding = 4; lastKnownFileType = sourcecode.c.h; path = TuneTestsHelper.h; sourceTree = "<group>"; };
		42108C01186251EE005BDB32 /* TuneTestsHelper.m */ = {isa = PBXFileReference; fileEncoding = 4; lastKnownFileType = sourcecode.c.objc; path = TuneTestsHelper.m; sourceTree = "<group>"; };
		42108C03186277AB005BDB32 /* TuneParametersTests.m */ = {isa = PBXFileReference; fileEncoding = 4; lastKnownFileType = sourcecode.c.objc; path = TuneParametersTests.m; sourceTree = "<group>"; };
		42108C05186356E0005BDB32 /* TuneTestParams.h */ = {isa = PBXFileReference; fileEncoding = 4; lastKnownFileType = sourcecode.c.h; path = TuneTestParams.h; sourceTree = "<group>"; };
		42108C06186356E0005BDB32 /* TuneTestParams.m */ = {isa = PBXFileReference; fileEncoding = 4; lastKnownFileType = sourcecode.c.objc; path = TuneTestParams.m; sourceTree = "<group>"; };
		4212224318E0BCBD001F263E /* TuneInstallReceipt.h */ = {isa = PBXFileReference; fileEncoding = 4; lastKnownFileType = sourcecode.c.h; path = TuneInstallReceipt.h; sourceTree = "<group>"; };
		4212224418E0BCBE001F263E /* TuneInstallReceipt.m */ = {isa = PBXFileReference; fileEncoding = 4; lastKnownFileType = sourcecode.c.objc; path = TuneInstallReceipt.m; sourceTree = "<group>"; };
		4260CBCB196B41CF0084FE12 /* TuneEncrypterTests.m */ = {isa = PBXFileReference; fileEncoding = 4; lastKnownFileType = sourcecode.c.objc; path = TuneEncrypterTests.m; sourceTree = "<group>"; };
		4260CBCD196B69DF0084FE12 /* TuneEncrypter.h */ = {isa = PBXFileReference; fileEncoding = 4; lastKnownFileType = sourcecode.c.h; path = TuneEncrypter.h; sourceTree = "<group>"; };
		4260CBCE196B69DF0084FE12 /* TuneEncrypter.m */ = {isa = PBXFileReference; fileEncoding = 4; lastKnownFileType = sourcecode.c.objc; path = TuneEncrypter.m; sourceTree = "<group>"; };
		428F084B18C13E5900B1AC24 /* TuneTrackerInitializationTests.m */ = {isa = PBXFileReference; fileEncoding = 4; lastKnownFileType = sourcecode.c.objc; path = TuneTrackerInitializationTests.m; sourceTree = "<group>"; };
		428F084D18C13F1900B1AC24 /* TuneTracker.h */ = {isa = PBXFileReference; fileEncoding = 4; lastKnownFileType = sourcecode.c.h; path = TuneTracker.h; sourceTree = "<group>"; };
		428F084E18C13F1900B1AC24 /* TuneTracker.m */ = {isa = PBXFileReference; fileEncoding = 4; lastKnownFileType = sourcecode.c.objc; path = TuneTracker.m; sourceTree = "<group>"; };
		428F085818C166DC00B1AC24 /* TuneHTTPErrorTests.m */ = {isa = PBXFileReference; fileEncoding = 4; lastKnownFileType = sourcecode.c.objc; path = TuneHTTPErrorTests.m; sourceTree = "<group>"; };
		429857F61A41E2B5008539A6 /* TuneDeferredDplinkr.h */ = {isa = PBXFileReference; fileEncoding = 4; lastKnownFileType = sourcecode.c.h; path = TuneDeferredDplinkr.h; sourceTree = "<group>"; };
		429857F71A41E2B5008539A6 /* TuneDeferredDplinkr.m */ = {isa = PBXFileReference; fileEncoding = 4; lastKnownFileType = sourcecode.c.objc; path = TuneDeferredDplinkr.m; sourceTree = "<group>"; };
		42BA465C19E5D3F00076249D /* TuneFBBridge.h */ = {isa = PBXFileReference; fileEncoding = 4; lastKnownFileType = sourcecode.c.h; path = TuneFBBridge.h; sourceTree = "<group>"; };
		42BA465D19E5D3F00076249D /* TuneFBBridge.m */ = {isa = PBXFileReference; fileEncoding = 4; lastKnownFileType = sourcecode.c.objc; path = TuneFBBridge.m; sourceTree = "<group>"; };
		42C1E2B718C012B100C5789C /* TuneAppToAppTracker.h */ = {isa = PBXFileReference; fileEncoding = 4; lastKnownFileType = sourcecode.c.h; path = TuneAppToAppTracker.h; sourceTree = "<group>"; };
		42C1E2B818C012B100C5789C /* TuneAppToAppTracker.m */ = {isa = PBXFileReference; fileEncoding = 4; lastKnownFileType = sourcecode.c.objc; path = TuneAppToAppTracker.m; sourceTree = "<group>"; };
		42CBBD251880893F00187A4A /* TuneEventItem.h */ = {isa = PBXFileReference; fileEncoding = 4; lastKnownFileType = sourcecode.c.h; path = TuneEventItem.h; sourceTree = "<group>"; };
		42CBBD261880893F00187A4A /* TuneEventItem.m */ = {isa = PBXFileReference; fileEncoding = 4; lastKnownFileType = sourcecode.c.objc; path = TuneEventItem.m; sourceTree = "<group>"; };
		42CBBD31188093DB00187A4A /* TuneSettings.h */ = {isa = PBXFileReference; fileEncoding = 4; lastKnownFileType = sourcecode.c.h; path = TuneSettings.h; sourceTree = "<group>"; };
		42CBBD32188093DB00187A4A /* TuneSettings.m */ = {isa = PBXFileReference; fileEncoding = 4; lastKnownFileType = sourcecode.c.objc; path = TuneSettings.m; sourceTree = "<group>"; };
		42CD417E191156BC003D0293 /* TuneRegionMonitor.h */ = {isa = PBXFileReference; fileEncoding = 4; lastKnownFileType = sourcecode.c.h; name = TuneRegionMonitor.h; path = ../TuneRegionMonitor.h; sourceTree = "<group>"; };
		42CD417F191156BC003D0293 /* TuneRegionMonitor.m */ = {isa = PBXFileReference; fileEncoding = 4; lastKnownFileType = sourcecode.c.objc; name = TuneRegionMonitor.m; path = ../TuneRegionMonitor.m; sourceTree = "<group>"; };
		42D52290199A8A9E00FC5F8F /* TuneEventQueue.h */ = {isa = PBXFileReference; fileEncoding = 4; lastKnownFileType = sourcecode.c.h; path = TuneEventQueue.h; sourceTree = "<group>"; };
		42D52291199A8A9E00FC5F8F /* TuneEventQueue.m */ = {isa = PBXFileReference; fileEncoding = 4; lastKnownFileType = sourcecode.c.objc; path = TuneEventQueue.m; sourceTree = "<group>"; };
		42DD9C8A1863A719005CA6F9 /* TuneAutoParameterizationTests.m */ = {isa = PBXFileReference; fileEncoding = 4; lastKnownFileType = sourcecode.c.objc; path = TuneAutoParameterizationTests.m; sourceTree = "<group>"; };
		42EAA5401860F4B800041A8D /* MobileAppTracker Tests.xctest */ = {isa = PBXFileReference; explicitFileType = wrapper.cfbundle; includeInIndex = 0; path = "MobileAppTracker Tests.xctest"; sourceTree = BUILT_PRODUCTS_DIR; };
		42EAA5471860F4B900041A8D /* MobileAppTracker Tests-Info.plist */ = {isa = PBXFileReference; lastKnownFileType = text.plist.xml; path = "MobileAppTracker Tests-Info.plist"; sourceTree = "<group>"; };
		42EAA5491860F4B900041A8D /* en */ = {isa = PBXFileReference; lastKnownFileType = text.plist.strings; name = en; path = en.lproj/InfoPlist.strings; sourceTree = "<group>"; };
		42EAA54B1860F4B900041A8D /* TuneTests.m */ = {isa = PBXFileReference; lastKnownFileType = sourcecode.c.objc; path = TuneTests.m; sourceTree = "<group>"; };
		42EAA54D1860F4B900041A8D /* MobileAppTracker Tests-Prefix.pch */ = {isa = PBXFileReference; lastKnownFileType = sourcecode.c.h; path = "MobileAppTracker Tests-Prefix.pch"; sourceTree = "<group>"; };
		42FFE857191D16AE00ACF2E2 /* TuneUserAgentCollector.h */ = {isa = PBXFileReference; fileEncoding = 4; lastKnownFileType = sourcecode.c.h; path = TuneUserAgentCollector.h; sourceTree = "<group>"; };
		42FFE858191D16AE00ACF2E2 /* TuneUserAgentCollector.m */ = {isa = PBXFileReference; fileEncoding = 4; lastKnownFileType = sourcecode.c.objc; path = TuneUserAgentCollector.m; sourceTree = "<group>"; };
		4FDFA18215C700D300BEEC38 /* MobileAppTracker.framework */ = {isa = PBXFileReference; explicitFileType = wrapper.framework.static; includeInIndex = 0; path = MobileAppTracker.framework; sourceTree = BUILT_PRODUCTS_DIR; };
		4FDFA18915C700D300BEEC38 /* MobileAppTracker-Info.plist */ = {isa = PBXFileReference; lastKnownFileType = text.plist.xml; path = "MobileAppTracker-Info.plist"; sourceTree = "<group>"; };
		4FDFA18B15C700D300BEEC38 /* en */ = {isa = PBXFileReference; lastKnownFileType = text.plist.strings; name = en; path = en.lproj/InfoPlist.strings; sourceTree = "<group>"; };
		4FDFA18D15C700D300BEEC38 /* MobileAppTracker-Prefix.pch */ = {isa = PBXFileReference; lastKnownFileType = sourcecode.c.h; path = "MobileAppTracker-Prefix.pch"; sourceTree = "<group>"; };
		4FDFA19815C7029A00BEEC38 /* TuneConnectionManager.h */ = {isa = PBXFileReference; fileEncoding = 4; lastKnownFileType = sourcecode.c.h; path = TuneConnectionManager.h; sourceTree = "<group>"; };
		4FDFA19915C7029A00BEEC38 /* TuneConnectionManager.m */ = {isa = PBXFileReference; fileEncoding = 4; lastKnownFileType = sourcecode.c.objc; path = TuneConnectionManager.m; sourceTree = "<group>"; };
		4FDFA19C15C7029A00BEEC38 /* TuneKeyStrings.h */ = {isa = PBXFileReference; fileEncoding = 4; lastKnownFileType = sourcecode.c.h; path = TuneKeyStrings.h; sourceTree = "<group>"; };
		4FDFA19D15C7029A00BEEC38 /* TuneKeyStrings.m */ = {isa = PBXFileReference; fileEncoding = 4; lastKnownFileType = sourcecode.c.objc; path = TuneKeyStrings.m; sourceTree = "<group>"; };
		4FDFA1A015C7029A00BEEC38 /* NSString+TuneURLEncoding.h */ = {isa = PBXFileReference; fileEncoding = 4; lastKnownFileType = sourcecode.c.h; path = "NSString+TuneURLEncoding.h"; sourceTree = "<group>"; };
		4FDFA1A115C7029A00BEEC38 /* NSString+TuneURLEncoding.m */ = {isa = PBXFileReference; fileEncoding = 4; lastKnownFileType = sourcecode.c.objc; path = "NSString+TuneURLEncoding.m"; sourceTree = "<group>"; };
		4FDFA1A615C7029A00BEEC38 /* TuneRequestsQueue.h */ = {isa = PBXFileReference; fileEncoding = 4; lastKnownFileType = sourcecode.c.h; path = TuneRequestsQueue.h; sourceTree = "<group>"; };
		4FDFA1A715C7029A00BEEC38 /* TuneRequestsQueue.m */ = {isa = PBXFileReference; fileEncoding = 4; lastKnownFileType = sourcecode.c.objc; path = TuneRequestsQueue.m; sourceTree = "<group>"; };
		4FDFA1A815C7029A00BEEC38 /* TuneRequestsQueuePart.h */ = {isa = PBXFileReference; fileEncoding = 4; lastKnownFileType = sourcecode.c.h; path = TuneRequestsQueuePart.h; sourceTree = "<group>"; };
		4FDFA1A915C7029A00BEEC38 /* TuneRequestsQueuePart.m */ = {isa = PBXFileReference; fileEncoding = 4; lastKnownFileType = sourcecode.c.objc; path = TuneRequestsQueuePart.m; sourceTree = "<group>"; };
		4FDFA1AC15C7029A00BEEC38 /* TuneUtils.h */ = {isa = PBXFileReference; fileEncoding = 4; lastKnownFileType = sourcecode.c.h; path = TuneUtils.h; sourceTree = "<group>"; };
		4FDFA1AD15C7029A00BEEC38 /* TuneUtils.m */ = {isa = PBXFileReference; fileEncoding = 4; lastKnownFileType = sourcecode.c.objc; path = TuneUtils.m; sourceTree = "<group>"; };
		4FDFA21515C7032400BEEC38 /* Tune.h */ = {isa = PBXFileReference; fileEncoding = 4; lastKnownFileType = sourcecode.c.h; path = Tune.h; sourceTree = "<group>"; };
		4FDFA21615C7032400BEEC38 /* Tune.m */ = {isa = PBXFileReference; fileEncoding = 4; lastKnownFileType = sourcecode.c.objc; path = Tune.m; sourceTree = "<group>"; };
		4FDFA21C15C7079A00BEEC38 /* TuneReachability.h */ = {isa = PBXFileReference; fileEncoding = 4; lastKnownFileType = sourcecode.c.h; path = TuneReachability.h; sourceTree = "<group>"; };
		4FDFA21D15C7079A00BEEC38 /* TuneReachability.m */ = {isa = PBXFileReference; fileEncoding = 4; lastKnownFileType = sourcecode.c.objc; path = TuneReachability.m; sourceTree = "<group>"; };
		F8080C36196C8CFF00CF63BC /* TuneAd.h */ = {isa = PBXFileReference; fileEncoding = 4; lastKnownFileType = sourcecode.c.h; path = TuneAd.h; sourceTree = "<group>"; };
		F8080C37196C8CFF00CF63BC /* TuneAd.m */ = {isa = PBXFileReference; fileEncoding = 4; lastKnownFileType = sourcecode.c.objc; path = TuneAd.m; sourceTree = "<group>"; };
		F8080C39196C8CFF00CF63BC /* TuneAdDownloadHelper.h */ = {isa = PBXFileReference; fileEncoding = 4; lastKnownFileType = sourcecode.c.h; path = TuneAdDownloadHelper.h; sourceTree = "<group>"; };
		F8080C3A196C8CFF00CF63BC /* TuneAdDownloadHelper.m */ = {isa = PBXFileReference; fileEncoding = 4; lastKnownFileType = sourcecode.c.objc; path = TuneAdDownloadHelper.m; sourceTree = "<group>"; };
		F8080C3B196C8CFF00CF63BC /* TuneAdInterstitialVC.h */ = {isa = PBXFileReference; fileEncoding = 4; lastKnownFileType = sourcecode.c.h; path = TuneAdInterstitialVC.h; sourceTree = "<group>"; };
		F8080C3C196C8CFF00CF63BC /* TuneAdInterstitialVC.m */ = {isa = PBXFileReference; fileEncoding = 4; lastKnownFileType = sourcecode.c.objc; path = TuneAdInterstitialVC.m; sourceTree = "<group>"; };
		F8080C3D196C8CFF00CF63BC /* TuneAdNetworkHelper.h */ = {isa = PBXFileReference; fileEncoding = 4; lastKnownFileType = sourcecode.c.h; path = TuneAdNetworkHelper.h; sourceTree = "<group>"; };
		F8080C3E196C8CFF00CF63BC /* TuneAdNetworkHelper.m */ = {isa = PBXFileReference; fileEncoding = 4; lastKnownFileType = sourcecode.c.objc; path = TuneAdNetworkHelper.m; sourceTree = "<group>"; };
		F8080C3F196C8CFF00CF63BC /* TuneAdUtilitiesUI.h */ = {isa = PBXFileReference; fileEncoding = 4; lastKnownFileType = sourcecode.c.h; path = TuneAdUtilitiesUI.h; sourceTree = "<group>"; };
		F8080C40196C8CFF00CF63BC /* TuneAdUtilitiesUI.m */ = {isa = PBXFileReference; fileEncoding = 4; lastKnownFileType = sourcecode.c.objc; path = TuneAdUtilitiesUI.m; sourceTree = "<group>"; };
		F808B4491B716C310067114F /* MATEvent_internal.h */ = {isa = PBXFileReference; fileEncoding = 4; lastKnownFileType = sourcecode.c.h; path = MATEvent_internal.h; sourceTree = "<group>"; };
		F80E4FA91A536970001918CF /* TuneAdNetworkHelperTests.m */ = {isa = PBXFileReference; fileEncoding = 4; lastKnownFileType = sourcecode.c.objc; path = TuneAdNetworkHelperTests.m; sourceTree = "<group>"; };
		F824DE801AE5A37F0042E796 /* TuneStoreKitDelegate.h */ = {isa = PBXFileReference; fileEncoding = 4; lastKnownFileType = sourcecode.c.h; path = TuneStoreKitDelegate.h; sourceTree = "<group>"; };
		F824DE811AE5A37F0042E796 /* TuneStoreKitDelegate.m */ = {isa = PBXFileReference; fileEncoding = 4; lastKnownFileType = sourcecode.c.objc; path = TuneStoreKitDelegate.m; sourceTree = "<group>"; };
		F83044711A16D78A002CA9A1 /* TuneAdMetadata.h */ = {isa = PBXFileReference; fileEncoding = 4; lastKnownFileType = sourcecode.c.h; path = TuneAdMetadata.h; sourceTree = "<group>"; };
		F83044721A16D78A002CA9A1 /* TuneAdMetadata.m */ = {isa = PBXFileReference; fileEncoding = 4; lastKnownFileType = sourcecode.c.objc; path = TuneAdMetadata.m; sourceTree = "<group>"; };
		F835C8E01AEED5E300B56A9D /* TunePreloadData.h */ = {isa = PBXFileReference; fileEncoding = 4; lastKnownFileType = sourcecode.c.h; path = TunePreloadData.h; sourceTree = "<group>"; };
		F835C8E11AEED5E300B56A9D /* TunePreloadData.m */ = {isa = PBXFileReference; fileEncoding = 4; lastKnownFileType = sourcecode.c.objc; path = TunePreloadData.m; sourceTree = "<group>"; };
		F83D5BF9199E943800C40A68 /* TuneAdKeyStrings.h */ = {isa = PBXFileReference; fileEncoding = 4; lastKnownFileType = sourcecode.c.h; path = TuneAdKeyStrings.h; sourceTree = "<group>"; };
		F83D5BFA199E943800C40A68 /* TuneAdKeyStrings.m */ = {isa = PBXFileReference; fileEncoding = 4; lastKnownFileType = sourcecode.c.objc; path = TuneAdKeyStrings.m; sourceTree = "<group>"; };
		F8492D66198C1A850058A259 /* TuneUtils_TestPrivateMethods.h */ = {isa = PBXFileReference; fileEncoding = 4; lastKnownFileType = sourcecode.c.h; path = TuneUtils_TestPrivateMethods.h; sourceTree = "<group>"; };
		F84C7B0B1B70027400AE871C /* TuneIfa.h */ = {isa = PBXFileReference; fileEncoding = 4; lastKnownFileType = sourcecode.c.h; path = TuneIfa.h; sourceTree = "<group>"; };
		F84C7B0C1B70027400AE871C /* TuneIfa.m */ = {isa = PBXFileReference; fileEncoding = 4; lastKnownFileType = sourcecode.c.objc; path = TuneIfa.m; sourceTree = "<group>"; };
		F84C7B471B70382200AE871C /* TuneLocation_internal.h */ = {isa = PBXFileReference; fileEncoding = 4; lastKnownFileType = sourcecode.c.h; path = TuneLocation_internal.h; sourceTree = "<group>"; };
		F84C7B491B70389800AE871C /* TuneLocation.h */ = {isa = PBXFileReference; fileEncoding = 4; lastKnownFileType = sourcecode.c.h; path = TuneLocation.h; sourceTree = "<group>"; };
		F84C7B4A1B70389800AE871C /* TuneLocation.m */ = {isa = PBXFileReference; fileEncoding = 4; lastKnownFileType = sourcecode.c.objc; path = TuneLocation.m; sourceTree = "<group>"; };
		F85C672619B9098800AF940F /* TuneAdViewTests.m */ = {isa = PBXFileReference; fileEncoding = 4; lastKnownFileType = sourcecode.c.objc; path = TuneAdViewTests.m; sourceTree = "<group>"; };
		F85C672819B90A0700AF940F /* TuneAdTests.m */ = {isa = PBXFileReference; fileEncoding = 4; lastKnownFileType = sourcecode.c.objc; path = TuneAdTests.m; sourceTree = "<group>"; };
		F85C672A19B90A7F00AF940F /* TuneAdUtilsTests.m */ = {isa = PBXFileReference; fileEncoding = 4; lastKnownFileType = sourcecode.c.objc; path = TuneAdUtilsTests.m; sourceTree = "<group>"; };
		F85C672C19B90AA000AF940F /* TuneAdParamsTests.m */ = {isa = PBXFileReference; fileEncoding = 4; lastKnownFileType = sourcecode.c.objc; path = TuneAdParamsTests.m; sourceTree = "<group>"; };
		F85C672E19B90B0600AF940F /* TuneAdDownloadHelperTests.m */ = {isa = PBXFileReference; fileEncoding = 4; lastKnownFileType = sourcecode.c.objc; path = TuneAdDownloadHelperTests.m; sourceTree = "<group>"; };
		F85D8B051AEEEDA600379028 /* TuneEventTests.m */ = {isa = PBXFileReference; fileEncoding = 4; lastKnownFileType = sourcecode.c.objc; path = TuneEventTests.m; sourceTree = "<group>"; };
		F85D8B071AEEF33300379028 /* TunePreloadDataTests.m */ = {isa = PBXFileReference; fileEncoding = 4; lastKnownFileType = sourcecode.c.objc; path = TunePreloadDataTests.m; sourceTree = "<group>"; };
		F861A9A01A52184F00185E2F /* CoreTelephony.framework */ = {isa = PBXFileReference; lastKnownFileType = wrapper.framework; name = CoreTelephony.framework; path = System/Library/Frameworks/CoreTelephony.framework; sourceTree = SDKROOT; };
		F865FE601B73F67400A2BBEC /* TuneAdView.m */ = {isa = PBXFileReference; fileEncoding = 4; lastKnownFileType = sourcecode.c.objc; name = TuneAdView.m; path = Ad/TuneAdView.m; sourceTree = "<group>"; };
		F865FE621B73F67D00A2BBEC /* TuneAdView_internal.h */ = {isa = PBXFileReference; fileEncoding = 4; lastKnownFileType = sourcecode.c.h; path = TuneAdView_internal.h; sourceTree = "<group>"; };
		F86E5C551B1BD1E200F82326 /* TuneAdPlacementManager.h */ = {isa = PBXFileReference; fileEncoding = 4; lastKnownFileType = sourcecode.c.h; path = TuneAdPlacementManager.h; sourceTree = "<group>"; };
		F86E5C561B1BD1E200F82326 /* TuneAdPlacementManager.m */ = {isa = PBXFileReference; fileEncoding = 4; lastKnownFileType = sourcecode.c.objc; path = TuneAdPlacementManager.m; sourceTree = "<group>"; };
		F86E5C651B1BD2C100F82326 /* TuneAdPlacement.h */ = {isa = PBXFileReference; fileEncoding = 4; lastKnownFileType = sourcecode.c.h; path = TuneAdPlacement.h; sourceTree = "<group>"; };
		F86E5C661B1BD2C100F82326 /* TuneAdPlacement.m */ = {isa = PBXFileReference; fileEncoding = 4; lastKnownFileType = sourcecode.c.objc; path = TuneAdPlacement.m; sourceTree = "<group>"; };
		F883D9BF1AAF984200E7223E /* TuneEvent.h */ = {isa = PBXFileReference; fileEncoding = 4; lastKnownFileType = sourcecode.c.h; path = TuneEvent.h; sourceTree = "<group>"; };
		F883D9C01AAF984200E7223E /* TuneEvent.m */ = {isa = PBXFileReference; fileEncoding = 4; lastKnownFileType = sourcecode.c.objc; path = TuneEvent.m; sourceTree = "<group>"; };
		F8A2EA8116445D3E0023FCE1 /* TuneCWorks.h */ = {isa = PBXFileReference; fileEncoding = 4; lastKnownFileType = sourcecode.c.h; path = TuneCWorks.h; sourceTree = "<group>"; };
		F8A2EA8216445D3E0023FCE1 /* TuneCWorks.m */ = {isa = PBXFileReference; fileEncoding = 4; lastKnownFileType = sourcecode.c.objc; path = TuneCWorks.m; sourceTree = "<group>"; };
		F8A85C58196E0E760012927E /* TuneAdParams.h */ = {isa = PBXFileReference; fileEncoding = 4; lastKnownFileType = sourcecode.c.h; path = TuneAdParams.h; sourceTree = "<group>"; };
		F8A85C59196E0E760012927E /* TuneAdParams.m */ = {isa = PBXFileReference; fileEncoding = 4; lastKnownFileType = sourcecode.c.objc; path = TuneAdParams.m; sourceTree = "<group>"; };
		F8A85C5C196E26620012927E /* Tune_internal.h */ = {isa = PBXFileReference; fileEncoding = 4; lastKnownFileType = sourcecode.c.h; path = Tune_internal.h; sourceTree = "<group>"; };
		F8B71E5C1B55E4C0008E8215 /* TuneLocationHelper.h */ = {isa = PBXFileReference; fileEncoding = 4; lastKnownFileType = sourcecode.c.h; path = TuneLocationHelper.h; sourceTree = "<group>"; };
		F8B71E5D1B55E4C0008E8215 /* TuneLocationHelper.m */ = {isa = PBXFileReference; fileEncoding = 4; lastKnownFileType = sourcecode.c.objc; path = TuneLocationHelper.m; sourceTree = "<group>"; };
		F8B71E701B56F869008E8215 /* MATPreloadData.h */ = {isa = PBXFileReference; fileEncoding = 4; lastKnownFileType = sourcecode.c.h; path = MATPreloadData.h; sourceTree = "<group>"; };
		F8B71E711B56F869008E8215 /* MATPreloadData.m */ = {isa = PBXFileReference; fileEncoding = 4; lastKnownFileType = sourcecode.c.objc; path = MATPreloadData.m; sourceTree = "<group>"; };
		F8B71E721B56F869008E8215 /* MobileAppTracker.h */ = {isa = PBXFileReference; fileEncoding = 4; lastKnownFileType = sourcecode.c.h; path = MobileAppTracker.h; sourceTree = "<group>"; };
		F8B71E761B56FA55008E8215 /* MATEvent.h */ = {isa = PBXFileReference; fileEncoding = 4; lastKnownFileType = sourcecode.c.h; path = MATEvent.h; sourceTree = "<group>"; };
		F8B71E771B56FA55008E8215 /* MATEvent.m */ = {isa = PBXFileReference; fileEncoding = 4; lastKnownFileType = sourcecode.c.objc; path = MATEvent.m; sourceTree = "<group>"; };
		F8B71E781B56FA55008E8215 /* MATEventItem.h */ = {isa = PBXFileReference; fileEncoding = 4; lastKnownFileType = sourcecode.c.h; path = MATEventItem.h; sourceTree = "<group>"; };
		F8B71E791B56FA55008E8215 /* MATEventItem.m */ = {isa = PBXFileReference; fileEncoding = 4; lastKnownFileType = sourcecode.c.objc; path = MATEventItem.m; sourceTree = "<group>"; };
		F8B71E7A1B56FA55008E8215 /* MobileAppTracker.m */ = {isa = PBXFileReference; fileEncoding = 4; lastKnownFileType = sourcecode.c.objc; path = MobileAppTracker.m; sourceTree = "<group>"; };
		F8BAC7F0189333BB001A25FC /* TuneUtilsTests.m */ = {isa = PBXFileReference; fileEncoding = 4; lastKnownFileType = sourcecode.c.objc; path = TuneUtilsTests.m; sourceTree = "<group>"; };
		F8BAC7F2189335B0001A25FC /* TuneEventItemTests.m */ = {isa = PBXFileReference; fileEncoding = 4; lastKnownFileType = sourcecode.c.objc; path = TuneEventItemTests.m; sourceTree = "<group>"; };
		F8BF1C9E19B536910002B5FD /* TuneAdUtils.h */ = {isa = PBXFileReference; fileEncoding = 4; lastKnownFileType = sourcecode.c.h; path = TuneAdUtils.h; sourceTree = "<group>"; };
		F8BF1C9F19B536910002B5FD /* TuneAdUtils.m */ = {isa = PBXFileReference; fileEncoding = 4; lastKnownFileType = sourcecode.c.objc; path = TuneAdUtils.m; sourceTree = "<group>"; };
		F8C5D35019A8134F002CCC39 /* TuneAdSKStoreProductViewController.h */ = {isa = PBXFileReference; fileEncoding = 4; lastKnownFileType = sourcecode.c.h; path = TuneAdSKStoreProductViewController.h; sourceTree = "<group>"; };
		F8C5D35119A8134F002CCC39 /* TuneAdSKStoreProductViewController.m */ = {isa = PBXFileReference; fileEncoding = 4; lastKnownFileType = sourcecode.c.objc; path = TuneAdSKStoreProductViewController.m; sourceTree = "<group>"; };
		F8F498A21B03C8D000A51D2D /* TuneEvent_internal.h */ = {isa = PBXFileReference; fileEncoding = 4; lastKnownFileType = sourcecode.c.h; path = TuneEvent_internal.h; sourceTree = "<group>"; };
/* End PBXFileReference section */

/* Begin PBXFrameworksBuildPhase section */
		42EAA53D1860F4B800041A8D /* Frameworks */ = {
			isa = PBXFrameworksBuildPhase;
			buildActionMask = 2147483647;
			files = (
				F861A9A11A52184F00185E2F /* CoreTelephony.framework in Frameworks */,
				F861A99F1A5216A300185E2F /* MobileAppTracker.framework in Frameworks */,
			);
			runOnlyForDeploymentPostprocessing = 0;
		};
		4FDFA17C15C700D300BEEC38 /* Frameworks */ = {
			isa = PBXFrameworksBuildPhase;
			buildActionMask = 2147483647;
			files = (
			);
			runOnlyForDeploymentPostprocessing = 0;
		};
/* End PBXFrameworksBuildPhase section */

/* Begin PBXGroup section */
		42D52294199A8AC600FC5F8F /* legacy queueing */ = {
			isa = PBXGroup;
			children = (
				4FDFA19815C7029A00BEEC38 /* TuneConnectionManager.h */,
				4FDFA19915C7029A00BEEC38 /* TuneConnectionManager.m */,
				4FDFA1A615C7029A00BEEC38 /* TuneRequestsQueue.h */,
				4FDFA1A715C7029A00BEEC38 /* TuneRequestsQueue.m */,
				4FDFA1A815C7029A00BEEC38 /* TuneRequestsQueuePart.h */,
				4FDFA1A915C7029A00BEEC38 /* TuneRequestsQueuePart.m */,
			);
			name = "legacy queueing";
			sourceTree = "<group>";
		};
		42EAA5451860F4B900041A8D /* Tune Tests */ = {
			isa = PBXGroup;
			children = (
				F85C672E19B90B0600AF940F /* TuneAdDownloadHelperTests.m */,
				F80E4FA91A536970001918CF /* TuneAdNetworkHelperTests.m */,
				F85C672C19B90AA000AF940F /* TuneAdParamsTests.m */,
				F85C672819B90A0700AF940F /* TuneAdTests.m */,
				F85C672A19B90A7F00AF940F /* TuneAdUtilsTests.m */,
				F85C672619B9098800AF940F /* TuneAdViewTests.m */,
				42DD9C8A1863A719005CA6F9 /* TuneAutoParameterizationTests.m */,
				4260CBCB196B41CF0084FE12 /* TuneEncrypterTests.m */,
				F85D8B051AEEEDA600379028 /* TuneEventTests.m */,
				F8BAC7F2189335B0001A25FC /* TuneEventItemTests.m */,
				428F085818C166DC00B1AC24 /* TuneHTTPErrorTests.m */,
				42108C03186277AB005BDB32 /* TuneParametersTests.m */,
				F85D8B071AEEF33300379028 /* TunePreloadDataTests.m */,
				42108BF9186250DB005BDB32 /* TuneQueueTests.m */,
				42108BFD1862518F005BDB32 /* TuneServerTests.m */,
				42108C05186356E0005BDB32 /* TuneTestParams.h */,
				42108C06186356E0005BDB32 /* TuneTestParams.m */,
				42EAA54B1860F4B900041A8D /* TuneTests.m */,
				42108C00186251EE005BDB32 /* TuneTestsHelper.h */,
				42108C01186251EE005BDB32 /* TuneTestsHelper.m */,
				428F084B18C13E5900B1AC24 /* TuneTrackerInitializationTests.m */,
				F8492D66198C1A850058A259 /* TuneUtils_TestPrivateMethods.h */,
				F8BAC7F0189333BB001A25FC /* TuneUtilsTests.m */,
				42EAA5461860F4B900041A8D /* Supporting Files */,
			);
			path = "Tune Tests";
			sourceTree = "<group>";
		};
		42EAA5461860F4B900041A8D /* Supporting Files */ = {
			isa = PBXGroup;
			children = (
				42EAA5471860F4B900041A8D /* MobileAppTracker Tests-Info.plist */,
				42EAA5481860F4B900041A8D /* InfoPlist.strings */,
				42EAA54D1860F4B900041A8D /* MobileAppTracker Tests-Prefix.pch */,
			);
			name = "Supporting Files";
			sourceTree = "<group>";
		};
		4FDFA17315C700D300BEEC38 = {
			isa = PBXGroup;
			children = (
				4FDFA18715C700D300BEEC38 /* Tune */,
				42EAA5451860F4B900041A8D /* Tune Tests */,
				4FDFA18415C700D300BEEC38 /* Frameworks */,
				4FDFA18315C700D300BEEC38 /* Products */,
			);
			sourceTree = "<group>";
		};
		4FDFA18315C700D300BEEC38 /* Products */ = {
			isa = PBXGroup;
			children = (
				4FDFA18215C700D300BEEC38 /* MobileAppTracker.framework */,
				42EAA5401860F4B800041A8D /* MobileAppTracker Tests.xctest */,
			);
			name = Products;
			sourceTree = "<group>";
		};
		4FDFA18415C700D300BEEC38 /* Frameworks */ = {
			isa = PBXGroup;
			children = (
				F861A9A01A52184F00185E2F /* CoreTelephony.framework */,
			);
			name = Frameworks;
			sourceTree = "<group>";
		};
		4FDFA18715C700D300BEEC38 /* Tune */ = {
			isa = PBXGroup;
			children = (
				F8B71E701B56F869008E8215 /* MATPreloadData.h */,
				F8B71E711B56F869008E8215 /* MATPreloadData.m */,
				F8B71E721B56F869008E8215 /* MobileAppTracker.h */,
				F8B71E7A1B56FA55008E8215 /* MobileAppTracker.m */,
				F8B71E761B56FA55008E8215 /* MATEvent.h */,
				F8B71E771B56FA55008E8215 /* MATEvent.m */,
				F8B71E781B56FA55008E8215 /* MATEventItem.h */,
				F8B71E791B56FA55008E8215 /* MATEventItem.m */,
				4FDFA21515C7032400BEEC38 /* Tune.h */,
				4FDFA21615C7032400BEEC38 /* Tune.m */,
				F83044711A16D78A002CA9A1 /* TuneAdMetadata.h */,
				F83044721A16D78A002CA9A1 /* TuneAdMetadata.m */,
				3232BC461B2A33CF00594EB2 /* TuneAdView.h */,
				F865FE601B73F67400A2BBEC /* TuneAdView.m */,
				3232BC361B29F3D200594EB2 /* TuneBanner.h */,
				3232BC341B29F3CB00594EB2 /* TuneBanner.m */,
				F883D9BF1AAF984200E7223E /* TuneEvent.h */,
				F883D9C01AAF984200E7223E /* TuneEvent.m */,
				42CBBD251880893F00187A4A /* TuneEventItem.h */,
				42CBBD261880893F00187A4A /* TuneEventItem.m */,
				3232BC3A1B29FF5700594EB2 /* TuneInterstitial.h */,
				3232BC381B29FF4E00594EB2 /* TuneInterstitial.m */,
				F84C7B491B70389800AE871C /* TuneLocation.h */,
				F84C7B4A1B70389800AE871C /* TuneLocation.m */,
				F835C8E01AEED5E300B56A9D /* TunePreloadData.h */,
				F835C8E11AEED5E300B56A9D /* TunePreloadData.m */,
				F8080C35196C8CFF00CF63BC /* Ad */,
				4FDFA19715C7014A00BEEC38 /* Common */,
				4FDFA18815C700D300BEEC38 /* Supporting Files */,
			);
			path = Tune;
			sourceTree = "<group>";
		};
		4FDFA18815C700D300BEEC38 /* Supporting Files */ = {
			isa = PBXGroup;
			children = (
				4FDFA18915C700D300BEEC38 /* MobileAppTracker-Info.plist */,
				4FDFA18A15C700D300BEEC38 /* InfoPlist.strings */,
				4FDFA18D15C700D300BEEC38 /* MobileAppTracker-Prefix.pch */,
			);
			name = "Supporting Files";
			sourceTree = "<group>";
		};
		4FDFA19715C7014A00BEEC38 /* Common */ = {
			isa = PBXGroup;
			children = (
				F808B4491B716C310067114F /* MATEvent_internal.h */,
				F8A85C5C196E26620012927E /* Tune_internal.h */,
				F8F498A21B03C8D000A51D2D /* TuneEvent_internal.h */,
				F84C7B471B70382200AE871C /* TuneLocation_internal.h */,
				42C1E2B718C012B100C5789C /* TuneAppToAppTracker.h */,
				42C1E2B818C012B100C5789C /* TuneAppToAppTracker.m */,
				F8A2EA8116445D3E0023FCE1 /* TuneCWorks.h */,
				F8A2EA8216445D3E0023FCE1 /* TuneCWorks.m */,
				429857F61A41E2B5008539A6 /* TuneDeferredDplinkr.h */,
				429857F71A41E2B5008539A6 /* TuneDeferredDplinkr.m */,
				4260CBCD196B69DF0084FE12 /* TuneEncrypter.h */,
				4260CBCE196B69DF0084FE12 /* TuneEncrypter.m */,
				42D52290199A8A9E00FC5F8F /* TuneEventQueue.h */,
				42D52291199A8A9E00FC5F8F /* TuneEventQueue.m */,
				42BA465C19E5D3F00076249D /* TuneFBBridge.h */,
				42BA465D19E5D3F00076249D /* TuneFBBridge.m */,
				F84C7B0B1B70027400AE871C /* TuneIfa.h */,
				F84C7B0C1B70027400AE871C /* TuneIfa.m */,
				4212224318E0BCBD001F263E /* TuneInstallReceipt.h */,
				4212224418E0BCBE001F263E /* TuneInstallReceipt.m */,
				4FDFA19C15C7029A00BEEC38 /* TuneKeyStrings.h */,
				4FDFA19D15C7029A00BEEC38 /* TuneKeyStrings.m */,
				F8B71E5C1B55E4C0008E8215 /* TuneLocationHelper.h */,
				F8B71E5D1B55E4C0008E8215 /* TuneLocationHelper.m */,
				4FDFA21C15C7079A00BEEC38 /* TuneReachability.h */,
				4FDFA21D15C7079A00BEEC38 /* TuneReachability.m */,
				42CD417E191156BC003D0293 /* TuneRegionMonitor.h */,
				42CD417F191156BC003D0293 /* TuneRegionMonitor.m */,
				42CBBD31188093DB00187A4A /* TuneSettings.h */,
				42CBBD32188093DB00187A4A /* TuneSettings.m */,
				F824DE801AE5A37F0042E796 /* TuneStoreKitDelegate.h */,
				F824DE811AE5A37F0042E796 /* TuneStoreKitDelegate.m */,
				428F084D18C13F1900B1AC24 /* TuneTracker.h */,
				428F084E18C13F1900B1AC24 /* TuneTracker.m */,
				42FFE857191D16AE00ACF2E2 /* TuneUserAgentCollector.h */,
				42FFE858191D16AE00ACF2E2 /* TuneUserAgentCollector.m */,
				4FDFA1AC15C7029A00BEEC38 /* TuneUtils.h */,
				4FDFA1AD15C7029A00BEEC38 /* TuneUtils.m */,
				4FDFA1A015C7029A00BEEC38 /* NSString+TuneURLEncoding.h */,
				4FDFA1A115C7029A00BEEC38 /* NSString+TuneURLEncoding.m */,
				42D52294199A8AC600FC5F8F /* legacy queueing */,
			);
			path = Common;
			sourceTree = "<group>";
		};
		F8080C35196C8CFF00CF63BC /* Ad */ = {
			isa = PBXGroup;
			children = (
				F865FE621B73F67D00A2BBEC /* TuneAdView_internal.h */,
				F8080C36196C8CFF00CF63BC /* TuneAd.h */,
				F8080C37196C8CFF00CF63BC /* TuneAd.m */,
				F8080C39196C8CFF00CF63BC /* TuneAdDownloadHelper.h */,
				F8080C3A196C8CFF00CF63BC /* TuneAdDownloadHelper.m */,
				F8080C3B196C8CFF00CF63BC /* TuneAdInterstitialVC.h */,
				F8080C3C196C8CFF00CF63BC /* TuneAdInterstitialVC.m */,
				F83D5BF9199E943800C40A68 /* TuneAdKeyStrings.h */,
				F83D5BFA199E943800C40A68 /* TuneAdKeyStrings.m */,
				F8080C3D196C8CFF00CF63BC /* TuneAdNetworkHelper.h */,
				F8080C3E196C8CFF00CF63BC /* TuneAdNetworkHelper.m */,
				F8A85C58196E0E760012927E /* TuneAdParams.h */,
				F8A85C59196E0E760012927E /* TuneAdParams.m */,
				F86E5C651B1BD2C100F82326 /* TuneAdPlacement.h */,
				F86E5C661B1BD2C100F82326 /* TuneAdPlacement.m */,
				F86E5C551B1BD1E200F82326 /* TuneAdPlacementManager.h */,
				F86E5C561B1BD1E200F82326 /* TuneAdPlacementManager.m */,
				F8C5D35019A8134F002CCC39 /* TuneAdSKStoreProductViewController.h */,
				F8C5D35119A8134F002CCC39 /* TuneAdSKStoreProductViewController.m */,
				F8080C3F196C8CFF00CF63BC /* TuneAdUtilitiesUI.h */,
				F8080C40196C8CFF00CF63BC /* TuneAdUtilitiesUI.m */,
				F8BF1C9E19B536910002B5FD /* TuneAdUtils.h */,
				F8BF1C9F19B536910002B5FD /* TuneAdUtils.m */,
			);
			path = Ad;
			sourceTree = "<group>";
		};
/* End PBXGroup section */

/* Begin PBXHeadersBuildPhase section */
		4FDFA17D15C700D300BEEC38 /* Headers */ = {
			isa = PBXHeadersBuildPhase;
			buildActionMask = 2147483647;
			files = (
				F8B71E751B56F869008E8215 /* MobileAppTracker.h in Headers */,
				F8B71E7B1B56FA55008E8215 /* MATEvent.h in Headers */,
				F8B71E7D1B56FA55008E8215 /* MATEventItem.h in Headers */,
				F8B71E731B56F869008E8215 /* MATPreloadData.h in Headers */,
				3232BC471B2A33CF00594EB2 /* TuneAdView.h in Headers */,
				3232BC3B1B29FF5700594EB2 /* TuneInterstitial.h in Headers */,
				3232BC371B29F3D200594EB2 /* TuneBanner.h in Headers */,
				F8080C47196C8CFF00CF63BC /* TuneAd.h in Headers */,
				429857F81A41E2B5008539A6 /* TuneDeferredDplinkr.h in Headers */,
				F84C7B4B1B70389800AE871C /* TuneLocation.h in Headers */,
				42CBBD33188093DB00187A4A /* TuneSettings.h in Headers */,
				F883D9C11AAF984200E7223E /* TuneEvent.h in Headers */,
				42CBBD271880893F00187A4A /* TuneEventItem.h in Headers */,
				F84C7B481B70382200AE871C /* TuneLocation_internal.h in Headers */,
				F835C8E21AEED5E300B56A9D /* TunePreloadData.h in Headers */,
				F83044731A16D78A002CA9A1 /* TuneAdMetadata.h in Headers */,
				F8080C4A196C8CFF00CF63BC /* TuneAdDownloadHelper.h in Headers */,
				F865FE631B73F67D00A2BBEC /* TuneAdView_internal.h in Headers */,
				4FDFA21915C7032400BEEC38 /* Tune.h in Headers */,
				4260CBCF196B69DF0084FE12 /* TuneEncrypter.h in Headers */,
				F824DE821AE5A37F0042E796 /* TuneStoreKitDelegate.h in Headers */,
				42FFE859191D16AE00ACF2E2 /* TuneUserAgentCollector.h in Headers */,
				F83D5BFB199E943800C40A68 /* TuneAdKeyStrings.h in Headers */,
				F8C5D35219A8134F002CCC39 /* TuneAdSKStoreProductViewController.h in Headers */,
				F8BF1CA019B536910002B5FD /* TuneAdUtils.h in Headers */,
				F84C7B0D1B70027400AE871C /* TuneIfa.h in Headers */,
				F808B44A1B716C310067114F /* MATEvent_internal.h in Headers */,
				F8F498A31B03C8D000A51D2D /* TuneEvent_internal.h in Headers */,
				4FDFA1B215C7029A00BEEC38 /* TuneKeyStrings.h in Headers */,
				F86E5C671B1BD2C100F82326 /* TuneAdPlacement.h in Headers */,
				F8080C50196C8CFF00CF63BC /* TuneAdUtilitiesUI.h in Headers */,
				42C1E2B918C012B200C5789C /* TuneAppToAppTracker.h in Headers */,
				42CD4180191156BC003D0293 /* TuneRegionMonitor.h in Headers */,
				F8A85C5D196E26620012927E /* Tune_internal.h in Headers */,
				F8080C4E196C8CFF00CF63BC /* TuneAdNetworkHelper.h in Headers */,
				F8A85C5A196E0E760012927E /* TuneAdParams.h in Headers */,
				F8080C4C196C8CFF00CF63BC /* TuneAdInterstitialVC.h in Headers */,
				4FDFA1B615C7029A00BEEC38 /* NSString+TuneURLEncoding.h in Headers */,
				428F084F18C13F1900B1AC24 /* TuneTracker.h in Headers */,
				4FDFA1BC15C7029A00BEEC38 /* TuneRequestsQueue.h in Headers */,
				4FDFA1BE15C7029A00BEEC38 /* TuneRequestsQueuePart.h in Headers */,
				4FDFA1C215C7029A00BEEC38 /* TuneUtils.h in Headers */,
				42D52292199A8A9E00FC5F8F /* TuneEventQueue.h in Headers */,
				F86E5C571B1BD1E200F82326 /* TuneAdPlacementManager.h in Headers */,
				42BA465E19E5D3F00076249D /* TuneFBBridge.h in Headers */,
				4212224518E0BCBE001F263E /* TuneInstallReceipt.h in Headers */,
				4FDFA21E15C7079A00BEEC38 /* TuneReachability.h in Headers */,
				F8A2EA8316445D3E0023FCE1 /* TuneCWorks.h in Headers */,
				F8B71E5E1B55E4C0008E8215 /* TuneLocationHelper.h in Headers */,
			);
			runOnlyForDeploymentPostprocessing = 0;
		};
/* End PBXHeadersBuildPhase section */

/* Begin PBXNativeTarget section */
		42EAA53F1860F4B800041A8D /* MobileAppTracker Tests */ = {
			isa = PBXNativeTarget;
			buildConfigurationList = 42EAA5521860F4B900041A8D /* Build configuration list for PBXNativeTarget "MobileAppTracker Tests" */;
			buildPhases = (
				42EAA53C1860F4B800041A8D /* Sources */,
				42EAA53D1860F4B800041A8D /* Frameworks */,
				42EAA53E1860F4B800041A8D /* Resources */,
			);
			buildRules = (
			);
			dependencies = (
				F85D8B0A1AEEF7E600379028 /* PBXTargetDependency */,
			);
			name = "MobileAppTracker Tests";
			productName = "Tune Tests";
			productReference = 42EAA5401860F4B800041A8D /* MobileAppTracker Tests.xctest */;
			productType = "com.apple.product-type.bundle.unit-test";
		};
		4FDFA18115C700D300BEEC38 /* MobileAppTracker */ = {
			isa = PBXNativeTarget;
			buildConfigurationList = 4FDFA19015C700D300BEEC38 /* Build configuration list for PBXNativeTarget "MobileAppTracker" */;
			buildPhases = (
				4FDFA17A15C700D300BEEC38 /* ShellScript */,
				4FDFA17B15C700D300BEEC38 /* Sources */,
				4FDFA17C15C700D300BEEC38 /* Frameworks */,
				4FDFA17D15C700D300BEEC38 /* Headers */,
				4FDFA17E15C700D300BEEC38 /* Resources */,
				4FDFA17F15C700D300BEEC38 /* ShellScript */,
				4FDFA18015C700D300BEEC38 /* ShellScript */,
			);
			buildRules = (
			);
			dependencies = (
			);
			name = MobileAppTracker;
			productName = Tune;
			productReference = 4FDFA18215C700D300BEEC38 /* MobileAppTracker.framework */;
			productType = "com.apple.product-type.framework.static";
		};
/* End PBXNativeTarget section */

/* Begin PBXProject section */
		4FDFA17515C700D300BEEC38 /* Project object */ = {
			isa = PBXProject;
			attributes = {
				CLASSPREFIX = Tune;
				LastUpgradeCheck = 0700;
				ORGANIZATIONNAME = TUNE;
				TargetAttributes = {
					42EAA53F1860F4B800041A8D = {
						TestTargetID = 4FDFA18115C700D300BEEC38;
					};
				};
			};
			buildConfigurationList = 4FDFA17815C700D300BEEC38 /* Build configuration list for PBXProject "MobileAppTracker" */;
			compatibilityVersion = "Xcode 3.2";
			developmentRegion = English;
			hasScannedForEncodings = 0;
			knownRegions = (
				en,
			);
			mainGroup = 4FDFA17315C700D300BEEC38;
			productRefGroup = 4FDFA18315C700D300BEEC38 /* Products */;
			projectDirPath = "";
			projectRoot = "";
			targets = (
				4FDFA18115C700D300BEEC38 /* MobileAppTracker */,
				42EAA53F1860F4B800041A8D /* MobileAppTracker Tests */,
			);
		};
/* End PBXProject section */

/* Begin PBXResourcesBuildPhase section */
		42EAA53E1860F4B800041A8D /* Resources */ = {
			isa = PBXResourcesBuildPhase;
			buildActionMask = 2147483647;
			files = (
				42EAA54A1860F4B900041A8D /* InfoPlist.strings in Resources */,
			);
			runOnlyForDeploymentPostprocessing = 0;
		};
		4FDFA17E15C700D300BEEC38 /* Resources */ = {
			isa = PBXResourcesBuildPhase;
			buildActionMask = 2147483647;
			files = (
				4FDFA18C15C700D300BEEC38 /* InfoPlist.strings in Resources */,
			);
			runOnlyForDeploymentPostprocessing = 0;
		};
/* End PBXResourcesBuildPhase section */

/* Begin PBXShellScriptBuildPhase section */
		4FDFA17A15C700D300BEEC38 /* ShellScript */ = {
			isa = PBXShellScriptBuildPhase;
			buildActionMask = 2147483647;
			files = (
			);
			inputPaths = (
			);
			outputPaths = (
			);
			runOnlyForDeploymentPostprocessing = 0;
			shellPath = /bin/sh;
			shellScript = "set -e\n\nset +u\nif [[ $UFW_MASTER_SCRIPT_RUNNING ]]\nthen\n    # Nothing for the slave script to do\n    exit 0\nfi\nset -u\n\nif [[ \"$SDK_NAME\" =~ ([A-Za-z]+) ]]\nthen\n    UFW_SDK_PLATFORM=${BASH_REMATCH[1]}\nelse\n    echo \"Could not find platform name from SDK_NAME: $SDK_NAME\"\n    exit 1\nfi\n\nif [[ \"$SDK_NAME\" =~ ([0-9]+.*$) ]]\nthen\n\tUFW_SDK_VERSION=${BASH_REMATCH[1]}\nelse\n    echo \"Could not find sdk version  from SDK_NAME: $SDK_NAME\"\n    exit 1\nfi\n\nif [[ \"$UFW_SDK_PLATFORM\" = \"iphoneos\" ]]\nthen\n    UFW_OTHER_PLATFORM=iphonesimulator\nelse\n    UFW_OTHER_PLATFORM=iphoneos\nfi\n\nif [[ \"$BUILT_PRODUCTS_DIR\" =~ (.*)$UFW_SDK_PLATFORM$ ]]\nthen\n    UFW_OTHER_BUILT_PRODUCTS_DIR=\"${BASH_REMATCH[1]}${UFW_OTHER_PLATFORM}\"\nelse\n    echo \"Could not find $UFW_SDK_PLATFORM in $BUILT_PRODUCTS_DIR\"\n    exit 1\nfi\n\nONLY_ACTIVE_PLATFORM=${ONLY_ACTIVE_PLATFORM:-$ONLY_ACTIVE_ARCH}\n\n# Short-circuit if all binaries are up to date\n\nif [[ -f \"${BUILT_PRODUCTS_DIR}/${EXECUTABLE_PATH}\" ]] && \\\n   [[ -f \"${BUILT_PRODUCTS_DIR}/${PRODUCT_NAME}.embeddedframework/${EXECUTABLE_PATH}\" ]] && \\\n   [[ ! \"${BUILT_PRODUCTS_DIR}/${EXECUTABLE_PATH}\" -nt \"${BUILT_PRODUCTS_DIR}/${PRODUCT_NAME}.embeddedframework/${EXECUTABLE_PATH}\" ]] && \\\n  ([[ \"${ONLY_ACTIVE_PLATFORM}\" == \"YES\" ]] || \\\n    ([[ -f \"${UFW_OTHER_BUILT_PRODUCTS_DIR}/${EXECUTABLE_PATH}\" ]] && \\\n     [[ -f \"${UFW_OTHER_BUILT_PRODUCTS_DIR}/${PRODUCT_NAME}.embeddedframework/${EXECUTABLE_PATH}\" ]] && \\\n     [[ ! \"${UFW_OTHER_BUILT_PRODUCTS_DIR}/${EXECUTABLE_PATH}\" -nt \"${UFW_OTHER_BUILT_PRODUCTS_DIR}/${PRODUCT_NAME}.embeddedframework/${EXECUTABLE_PATH}\" ]]\n    )\n  )\nthen\n    exit 0\nfi\n\n\n# Clean other platform if needed\n\nif [[ ! -f \"${BUILT_PRODUCTS_DIR}/${EXECUTABLE_PATH}\" ]] && [[ \"${ONLY_ACTIVE_PLATFORM}\" != \"YES\" ]]\nthen\n\techo \"Platform \\\"$UFW_SDK_PLATFORM\\\" was cleaned recently. Cleaning \\\"$UFW_OTHER_PLATFORM\\\" as well\"\n\techo xcodebuild -project \"${PROJECT_FILE_PATH}\" -target \"${TARGET_NAME}\" -configuration \"${CONFIGURATION}\" -sdk ${UFW_OTHER_PLATFORM}${UFW_SDK_VERSION} BUILD_DIR=\"${BUILD_DIR}\" CONFIGURATION_TEMP_DIR=\"${PROJECT_TEMP_DIR}/${CONFIGURATION}-${UFW_OTHER_PLATFORM}\" clean\n\txcodebuild -project \"${PROJECT_FILE_PATH}\" -target \"${TARGET_NAME}\" -configuration \"${CONFIGURATION}\" -sdk ${UFW_OTHER_PLATFORM}${UFW_SDK_VERSION} BUILD_DIR=\"${BUILD_DIR}\" CONFIGURATION_TEMP_DIR=\"${PROJECT_TEMP_DIR}/${CONFIGURATION}-${UFW_OTHER_PLATFORM}\" clean\nfi\n\n\n# Make sure we are building from fresh binaries\n\nrm -rf \"${BUILT_PRODUCTS_DIR}/${EXECUTABLE_PATH}\"\nrm -rf \"${BUILT_PRODUCTS_DIR}/${PRODUCT_NAME}.embeddedframework\"\n\nif [[ \"${ONLY_ACTIVE_PLATFORM}\" != \"YES\" ]]\nthen\n    rm -rf \"${UFW_OTHER_BUILT_PRODUCTS_DIR}/${EXECUTABLE_PATH}\"\n    rm -rf \"${UFW_OTHER_BUILT_PRODUCTS_DIR}/${PRODUCT_NAME}.embeddedframework\"\nfi\n";
		};
		4FDFA17F15C700D300BEEC38 /* ShellScript */ = {
			isa = PBXShellScriptBuildPhase;
			buildActionMask = 2147483647;
			files = (
			);
			inputPaths = (
			);
			outputPaths = (
			);
			runOnlyForDeploymentPostprocessing = 0;
			shellPath = /bin/sh;
			shellScript = "HEADERS_ROOT=$SRCROOT/$PRODUCT_NAME\nFRAMEWORK_HEADERS_DIR=\"$BUILT_PRODUCTS_DIR/$WRAPPER_NAME/Versions/$FRAMEWORK_VERSION/Headers\"\n\n## only header files expected at this point\nPUBLIC_HEADERS=$(find $FRAMEWORK_HEADERS_DIR/. -not -type d 2> /dev/null | sed -e \"s@.*/@@g\")\n\nFIND_OPTS=\"\"\nfor PUBLIC_HEADER in $PUBLIC_HEADERS; do\n  if [ -n \"$FIND_OPTS\" ]; then\n    FIND_OPTS=\"$FIND_OPTS -o\"\n  fi\n  FIND_OPTS=\"$FIND_OPTS -name '$PUBLIC_HEADER'\"\ndone\n\nif [ -n \"$FIND_OPTS\" ]; then\n  for ORIG_HEADER in $(eval \"find $HEADERS_ROOT/. $FIND_OPTS\" 2> /dev/null | sed -e \"s@^$HEADERS_ROOT/./@@g\"); do\n    PUBLIC_HEADER=$(basename $ORIG_HEADER)\n    RELATIVE_PATH=$(dirname $ORIG_HEADER)\n    if [ -e $FRAMEWORK_HEADERS_DIR/$PUBLIC_HEADER ]; then\n      mkdir -p \"$FRAMEWORK_HEADERS_DIR/$RELATIVE_PATH\"\n      mv \"$FRAMEWORK_HEADERS_DIR/$PUBLIC_HEADER\" \"$FRAMEWORK_HEADERS_DIR/$RELATIVE_PATH/$PUBLIC_HEADER\"\n    fi\n  done\nfi\n";
			showEnvVarsInLog = 0;
		};
		4FDFA18015C700D300BEEC38 /* ShellScript */ = {
			isa = PBXShellScriptBuildPhase;
			buildActionMask = 2147483647;
			files = (
			);
			inputPaths = (
			);
			outputPaths = (
			);
			runOnlyForDeploymentPostprocessing = 0;
			shellPath = /bin/sh;
			shellScript = "set -e\n\nset +u\nif [[ $UFW_MASTER_SCRIPT_RUNNING ]]\nthen\n    # Nothing for the slave script to do\n    exit 0\nfi\nset -u\nexport UFW_MASTER_SCRIPT_RUNNING=1\n\n\n# Functions\n\n## List files in the specified directory, storing to the specified array.\n#\n# @param $1 The path to list\n# @param $2 The name of the array to fill\n#\n##\nlist_files ()\n{\n    filelist=$(ls \"$1\")\n    while read line\n    do\n        eval \"$2[\\${#$2[*]}]=\\\"\\$line\\\"\"\n    done <<< \"$filelist\"\n}\n\n\n# Sanity check\n\nif [[ ! -f \"${BUILT_PRODUCTS_DIR}/${EXECUTABLE_PATH}\" ]]\nthen\n    echo \"Framework target \\\"${TARGET_NAME}\\\" had no source files to build from. Make sure your source files have the correct target membership\"\n    exit 1\nfi\n\n\n# Gather information\n\nif [[ \"$SDK_NAME\" =~ ([A-Za-z]+) ]]\nthen\n    UFW_SDK_PLATFORM=${BASH_REMATCH[1]}\nelse\n    echo \"Could not find platform name from SDK_NAME: $SDK_NAME\"\n    exit 1\nfi\n\nif [[ \"$SDK_NAME\" =~ ([0-9]+.*$) ]]\nthen\n    UFW_SDK_VERSION=${BASH_REMATCH[1]}\nelse\n    echo \"Could not find sdk version from SDK_NAME: $SDK_NAME\"\n    exit 1\nfi\n\nif [[ \"$UFW_SDK_PLATFORM\" = \"iphoneos\" ]]\nthen\n    UFW_OTHER_PLATFORM=iphonesimulator\nelse\n    UFW_OTHER_PLATFORM=iphoneos\nfi\n\nif [[ \"$BUILT_PRODUCTS_DIR\" =~ (.*)$UFW_SDK_PLATFORM$ ]]\nthen\n    UFW_OTHER_BUILT_PRODUCTS_DIR=\"${BASH_REMATCH[1]}${UFW_OTHER_PLATFORM}\"\nelse\n    echo \"Could not find $UFW_SDK_PLATFORM in $BUILT_PRODUCTS_DIR\"\n    exit 1\nfi\n\nONLY_ACTIVE_PLATFORM=${ONLY_ACTIVE_PLATFORM:-$ONLY_ACTIVE_ARCH}\n\n# Short-circuit if all binaries are up to date.\n# We already checked the other platform in the prerun script.\n\nif [[ -f \"${BUILT_PRODUCTS_DIR}/${EXECUTABLE_PATH}\" ]] && [[ -f \"${BUILT_PRODUCTS_DIR}/${PRODUCT_NAME}.embeddedframework/${EXECUTABLE_PATH}\" ]] && [[ ! \"${BUILT_PRODUCTS_DIR}/${EXECUTABLE_PATH}\" -nt \"${BUILT_PRODUCTS_DIR}/${PRODUCT_NAME}.embeddedframework/${EXECUTABLE_PATH}\" ]]\nthen\n    exit 0\nfi\n\nif [ \"${ONLY_ACTIVE_PLATFORM}\" == \"YES\" ]\nthen\n    echo \"ONLY_ACTIVE_PLATFORM=${ONLY_ACTIVE_PLATFORM}: Skipping other platform build\"\nelse\n    # Make sure the other platform gets built\n    \n    echo \"Build other platform\"\n    \n    echo xcodebuild -project \"${PROJECT_FILE_PATH}\" -target \"${TARGET_NAME}\" -configuration \"${CONFIGURATION}\" -sdk ${UFW_OTHER_PLATFORM}${UFW_SDK_VERSION} BUILD_DIR=\"${BUILD_DIR}\" CONFIGURATION_TEMP_DIR=\"${PROJECT_TEMP_DIR}/${CONFIGURATION}-${UFW_OTHER_PLATFORM}\" $ACTION\n    xcodebuild -project \"${PROJECT_FILE_PATH}\" -target \"${TARGET_NAME}\" -configuration \"${CONFIGURATION}\" -sdk ${UFW_OTHER_PLATFORM}${UFW_SDK_VERSION} BUILD_DIR=\"${BUILD_DIR}\" CONFIGURATION_TEMP_DIR=\"${PROJECT_TEMP_DIR}/${CONFIGURATION}-${UFW_OTHER_PLATFORM}\" $ACTION\n    \n    \n    # Build the fat static library binary\n    \n    echo \"Create universal static library\"\n    \necho \"/Applications/Xcode.app/Contents/Developer/Platforms/iPhoneOS.platform/Developer/usr/bin//libtool\" -static \"${BUILT_PRODUCTS_DIR}/${EXECUTABLE_PATH}\" \"${UFW_OTHER_BUILT_PRODUCTS_DIR}/${EXECUTABLE_PATH}\" -o \"${BUILT_PRODUCTS_DIR}/${EXECUTABLE_PATH}.temp\"\n\"/usr/bin//libtool\" -static \"${BUILT_PRODUCTS_DIR}/${EXECUTABLE_PATH}\" \"${UFW_OTHER_BUILT_PRODUCTS_DIR}/${EXECUTABLE_PATH}\" -o \"${BUILT_PRODUCTS_DIR}/${EXECUTABLE_PATH}.temp\"\n    \n    echo mv \"${BUILT_PRODUCTS_DIR}/${EXECUTABLE_PATH}.temp\" \"${BUILT_PRODUCTS_DIR}/${EXECUTABLE_PATH}\"\n    mv \"${BUILT_PRODUCTS_DIR}/${EXECUTABLE_PATH}.temp\" \"${BUILT_PRODUCTS_DIR}/${EXECUTABLE_PATH}\"\nfi\n\n# Build embedded framework structure\n\necho \"Build Embedded Framework\"\n\necho rm -rf \"${BUILT_PRODUCTS_DIR}/${PRODUCT_NAME}.embeddedframework\"\nrm -rf \"${BUILT_PRODUCTS_DIR}/${PRODUCT_NAME}.embeddedframework\"\necho mkdir -p \"${BUILT_PRODUCTS_DIR}/${PRODUCT_NAME}.embeddedframework/Resources\"\nmkdir -p \"${BUILT_PRODUCTS_DIR}/${PRODUCT_NAME}.embeddedframework/Resources\"\necho cp -a \"${BUILT_PRODUCTS_DIR}/${WRAPPER_NAME}\" \"${BUILT_PRODUCTS_DIR}/${PRODUCT_NAME}.embeddedframework/\"\ncp -a \"${BUILT_PRODUCTS_DIR}/${WRAPPER_NAME}\" \"${BUILT_PRODUCTS_DIR}/${PRODUCT_NAME}.embeddedframework/\"\n\ndeclare -a UFW_FILE_LIST\nlist_files \"${BUILT_PRODUCTS_DIR}/${UNLOCALIZED_RESOURCES_FOLDER_PATH}\" UFW_FILE_LIST\nfor filename in \"${UFW_FILE_LIST[@]}\"\ndo\n    if [[ \"${filename}\" != \"Info.plist\" ]] && [[ ! \"${filename}\" =~ .*\\.lproj$ ]]\n    then\n        echo ln -sfh \"../${WRAPPER_NAME}/Resources/${filename}\" \"${BUILT_PRODUCTS_DIR}/${PRODUCT_NAME}.embeddedframework/Resources/${filename}\"\n        ln -sfh \"../${WRAPPER_NAME}/Resources/${filename}\" \"${BUILT_PRODUCTS_DIR}/${PRODUCT_NAME}.embeddedframework/Resources/${filename}\"\n    fi\ndone\n\n\nif [ \"${ONLY_ACTIVE_PLATFORM}\" != \"YES\" ]\nthen\n    # Replace other platform's framework with a copy of this one (so that both have the same universal binary)\n    \n    echo \"Copy from $UFW_SDK_PLATFORM to $UFW_OTHER_PLATFORM\"\n    \n    echo rm -rf \"${BUILD_DIR}/${CONFIGURATION}-${UFW_OTHER_PLATFORM}\"\n    rm -rf \"${BUILD_DIR}/${CONFIGURATION}-${UFW_OTHER_PLATFORM}\"\n    echo cp -a \"${BUILD_DIR}/${CONFIGURATION}-${UFW_SDK_PLATFORM}\" \"${BUILD_DIR}/${CONFIGURATION}-${UFW_OTHER_PLATFORM}\"\n    cp -a \"${BUILD_DIR}/${CONFIGURATION}-${UFW_SDK_PLATFORM}\" \"${BUILD_DIR}/${CONFIGURATION}-${UFW_OTHER_PLATFORM}\"\nfi\n";
			showEnvVarsInLog = 0;
		};
/* End PBXShellScriptBuildPhase section */

/* Begin PBXSourcesBuildPhase section */
		42EAA53C1860F4B800041A8D /* Sources */ = {
			isa = PBXSourcesBuildPhase;
			buildActionMask = 2147483647;
			files = (
				F89BDEE91ABCA3EE002485ED /* TuneKeyStrings.m in Sources */,
				F80E4FAA1A536970001918CF /* TuneAdNetworkHelperTests.m in Sources */,
				4284981818E1ECE6008E8FF0 /* TuneInstallReceipt.m in Sources */,
				F85C672D19B90AA000AF940F /* TuneAdParamsTests.m in Sources */,
				F85C672919B90A0700AF940F /* TuneAdTests.m in Sources */,
				F8BAC7F1189333BB001A25FC /* TuneUtilsTests.m in Sources */,
				F8BAC7F3189335B0001A25FC /* TuneEventItemTests.m in Sources */,
				F85C672B19B90A7F00AF940F /* TuneAdUtilsTests.m in Sources */,
				F85C672F19B90B0600AF940F /* TuneAdDownloadHelperTests.m in Sources */,
				42108BFA186250DB005BDB32 /* TuneQueueTests.m in Sources */,
				42108BFE1862518F005BDB32 /* TuneServerTests.m in Sources */,
				F8F698C91AF161B200D71CB6 /* TuneUtils.m in Sources */,
				F85C672719B9098800AF940F /* TuneAdViewTests.m in Sources */,
				F85D8B061AEEEDA600379028 /* TuneEventTests.m in Sources */,
				F8C1E84B1980729F00101D56 /* TuneEncrypter.m in Sources */,
				428F084C18C13E5900B1AC24 /* TuneTrackerInitializationTests.m in Sources */,
				F85D8B081AEEF33300379028 /* TunePreloadDataTests.m in Sources */,
				42108C02186251EE005BDB32 /* TuneTestsHelper.m in Sources */,
				42DD9C8B1863A719005CA6F9 /* TuneAutoParameterizationTests.m in Sources */,
				42108C04186277AB005BDB32 /* TuneParametersTests.m in Sources */,
				428F085918C166DC00B1AC24 /* TuneHTTPErrorTests.m in Sources */,
				4260CBCC196B41CF0084FE12 /* TuneEncrypterTests.m in Sources */,
				42108C07186356E0005BDB32 /* TuneTestParams.m in Sources */,
				42EAA54C1860F4B900041A8D /* TuneTests.m in Sources */,
			);
			runOnlyForDeploymentPostprocessing = 0;
		};
		4FDFA17B15C700D300BEEC38 /* Sources */ = {
			isa = PBXSourcesBuildPhase;
			buildActionMask = 2147483647;
			files = (
				F8080C51196C8CFF00CF63BC /* TuneAdUtilitiesUI.m in Sources */,
				F8C5D35319A8134F002CCC39 /* TuneAdSKStoreProductViewController.m in Sources */,
				F883D9C21AAF984200E7223E /* TuneEvent.m in Sources */,
				42CBBD281880893F00187A4A /* TuneEventItem.m in Sources */,
				42CBBD34188093DB00187A4A /* TuneSettings.m in Sources */,
				F8B71E7C1B56FA55008E8215 /* MATEvent.m in Sources */,
				F86E5C681B1BD2C100F82326 /* TuneAdPlacement.m in Sources */,
				4FDFA1B315C7029A00BEEC38 /* TuneKeyStrings.m in Sources */,
				F8B71E5F1B55E4C0008E8215 /* TuneLocationHelper.m in Sources */,
				42C1E2BA18C012B200C5789C /* TuneAppToAppTracker.m in Sources */,
				F84C7B4C1B70389800AE871C /* TuneLocation.m in Sources */,
				42D52293199A8A9E00FC5F8F /* TuneEventQueue.m in Sources */,
				F83044741A16D78A002CA9A1 /* TuneAdMetadata.m in Sources */,
				4FDFA1B715C7029A00BEEC38 /* NSString+TuneURLEncoding.m in Sources */,
				429857F91A41E2B5008539A6 /* TuneDeferredDplinkr.m in Sources */,
				F8E580871AA7D00A0000E856 /* TuneRequestsQueue.m in Sources */,
				F8E580881AA7D00A0000E856 /* TuneRequestsQueuePart.m in Sources */,
				4260CBD0196B69DF0084FE12 /* TuneEncrypter.m in Sources */,
				F835C8E31AEED5E300B56A9D /* TunePreloadData.m in Sources */,
				42FFE85A191D16AE00ACF2E2 /* TuneUserAgentCollector.m in Sources */,
				4FDFA1C315C7029A00BEEC38 /* TuneUtils.m in Sources */,
				F8B71E7E1B56FA55008E8215 /* MATEventItem.m in Sources */,
				F86E5C581B1BD1E200F82326 /* TuneAdPlacementManager.m in Sources */,
				F8080C4B196C8CFF00CF63BC /* TuneAdDownloadHelper.m in Sources */,
				F8A85C5B196E0E760012927E /* TuneAdParams.m in Sources */,
				F83D5BFC199E943800C40A68 /* TuneAdKeyStrings.m in Sources */,
				F8B71E7F1B56FA55008E8215 /* MobileAppTracker.m in Sources */,
				42BA465F19E5D3F00076249D /* TuneFBBridge.m in Sources */,
				4FDFA21A15C7032400BEEC38 /* Tune.m in Sources */,
				F8BF1CA119B536910002B5FD /* TuneAdUtils.m in Sources */,
				F8B71E741B56F869008E8215 /* MATPreloadData.m in Sources */,
				42CD4181191156BC003D0293 /* TuneRegionMonitor.m in Sources */,
				F8080C4F196C8CFF00CF63BC /* TuneAdNetworkHelper.m in Sources */,
				428F085018C13F1900B1AC24 /* TuneTracker.m in Sources */,
				F84C7B0E1B70027400AE871C /* TuneIfa.m in Sources */,
				F865FE611B73F67400A2BBEC /* TuneAdView.m in Sources */,
				4212224618E0BCBE001F263E /* TuneInstallReceipt.m in Sources */,
				F8080C4D196C8CFF00CF63BC /* TuneAdInterstitialVC.m in Sources */,
				F8080C48196C8CFF00CF63BC /* TuneAd.m in Sources */,
				F824DE831AE5A37F0042E796 /* TuneStoreKitDelegate.m in Sources */,
				3232BC351B29F3CB00594EB2 /* TuneBanner.m in Sources */,
				3232BC391B29FF4E00594EB2 /* TuneInterstitial.m in Sources */,
				4FDFA21F15C7079A00BEEC38 /* TuneReachability.m in Sources */,
				F8A2EA8416445D3E0023FCE1 /* TuneCWorks.m in Sources */,
			);
			runOnlyForDeploymentPostprocessing = 0;
		};
/* End PBXSourcesBuildPhase section */

/* Begin PBXTargetDependency section */
		F85D8B0A1AEEF7E600379028 /* PBXTargetDependency */ = {
			isa = PBXTargetDependency;
			target = 4FDFA18115C700D300BEEC38 /* MobileAppTracker */;
			targetProxy = F85D8B091AEEF7E600379028 /* PBXContainerItemProxy */;
		};
/* End PBXTargetDependency section */

/* Begin PBXVariantGroup section */
		42EAA5481860F4B900041A8D /* InfoPlist.strings */ = {
			isa = PBXVariantGroup;
			children = (
				42EAA5491860F4B900041A8D /* en */,
			);
			name = InfoPlist.strings;
			sourceTree = "<group>";
		};
		4FDFA18A15C700D300BEEC38 /* InfoPlist.strings */ = {
			isa = PBXVariantGroup;
			children = (
				4FDFA18B15C700D300BEEC38 /* en */,
			);
			name = InfoPlist.strings;
			sourceTree = "<group>";
		};
/* End PBXVariantGroup section */

/* Begin XCBuildConfiguration section */
		42EAA5501860F4B900041A8D /* Debug */ = {
			isa = XCBuildConfiguration;
			buildSettings = {
				CLANG_CXX_LIBRARY = "libc++";
				CLANG_ENABLE_MODULES = YES;
				CLANG_ENABLE_OBJC_ARC = YES;
				CLANG_MODULES_AUTOLINK = YES;
				CLANG_WARN_BOOL_CONVERSION = YES;
				CLANG_WARN_CONSTANT_CONVERSION = YES;
				CLANG_WARN_DIRECT_OBJC_ISA_USAGE = YES_ERROR;
				CLANG_WARN_EMPTY_BODY = YES;
				CLANG_WARN_ENUM_CONVERSION = YES;
				CLANG_WARN_INT_CONVERSION = YES;
				CLANG_WARN_OBJC_ROOT_CLASS = YES_ERROR;
				CODE_SIGN_IDENTITY = "iPhone Developer";
				DEFINES_MODULE = NO;
				FRAMEWORK_SEARCH_PATHS = (
					"$(SDKROOT)/Developer/Library/Frameworks",
					"$(inherited)",
					"$(DEVELOPER_FRAMEWORKS_DIR)",
				);
				GCC_PRECOMPILE_PREFIX_HEADER = YES;
				GCC_PREFIX_HEADER = "Tune Tests/MobileAppTracker Tests-Prefix.pch";
				GCC_PREPROCESSOR_DEFINITIONS = (
					"$(inherited)",
					"TESTING=1",
				);
				GCC_WARN_64_TO_32_BIT_CONVERSION = YES;
				GCC_WARN_ABOUT_RETURN_TYPE = YES_ERROR;
				GCC_WARN_UNDECLARED_SELECTOR = YES;
				GCC_WARN_UNUSED_FUNCTION = YES;
				INFOPLIST_FILE = "Tune Tests/MobileAppTracker Tests-Info.plist";
				IPHONEOS_DEPLOYMENT_TARGET = 7.0;
				PRODUCT_BUNDLE_IDENTIFIER = "com.tune.${PRODUCT_NAME:rfc1034identifier}";
				PRODUCT_NAME = "MobileAppTracker Tests";
				VALID_ARCHS = "x86_64 armv7 armv7s";
				WRAPPER_EXTENSION = xctest;
			};
			name = Debug;
		};
		42EAA5511860F4B900041A8D /* Release */ = {
			isa = XCBuildConfiguration;
			buildSettings = {
				CLANG_CXX_LIBRARY = "libc++";
				CLANG_ENABLE_MODULES = YES;
				CLANG_ENABLE_OBJC_ARC = YES;
				CLANG_MODULES_AUTOLINK = YES;
				CLANG_WARN_BOOL_CONVERSION = YES;
				CLANG_WARN_CONSTANT_CONVERSION = YES;
				CLANG_WARN_DIRECT_OBJC_ISA_USAGE = YES_ERROR;
				CLANG_WARN_EMPTY_BODY = YES;
				CLANG_WARN_ENUM_CONVERSION = YES;
				CLANG_WARN_INT_CONVERSION = YES;
				CLANG_WARN_OBJC_ROOT_CLASS = YES_ERROR;
				CODE_SIGN_IDENTITY = "iPhone Developer";
				DEFINES_MODULE = NO;
				ENABLE_NS_ASSERTIONS = NO;
				FRAMEWORK_SEARCH_PATHS = (
					"$(SDKROOT)/Developer/Library/Frameworks",
					"$(inherited)",
					"$(DEVELOPER_FRAMEWORKS_DIR)",
				);
				GCC_PRECOMPILE_PREFIX_HEADER = YES;
				GCC_PREFIX_HEADER = "Tune Tests/MobileAppTracker Tests-Prefix.pch";
				GCC_PREPROCESSOR_DEFINITIONS = (
					"TESTING=1",
					"DEBUG=1",
				);
				GCC_WARN_64_TO_32_BIT_CONVERSION = YES;
				GCC_WARN_ABOUT_RETURN_TYPE = YES_ERROR;
				GCC_WARN_UNDECLARED_SELECTOR = YES;
				GCC_WARN_UNUSED_FUNCTION = YES;
				INFOPLIST_FILE = "Tune Tests/MobileAppTracker Tests-Info.plist";
				IPHONEOS_DEPLOYMENT_TARGET = 7.0;
				PRODUCT_BUNDLE_IDENTIFIER = "com.tune.${PRODUCT_NAME:rfc1034identifier}";
				PRODUCT_NAME = "MobileAppTracker Tests";
				VALID_ARCHS = "x86_64 armv7 armv7s";
				WRAPPER_EXTENSION = xctest;
			};
			name = Release;
		};
		4FDFA18E15C700D300BEEC38 /* Debug */ = {
			isa = XCBuildConfiguration;
			buildSettings = {
				ALWAYS_SEARCH_USER_PATHS = NO;
				CLANG_CXX_LANGUAGE_STANDARD = "gnu++0x";
				CLANG_ENABLE_MODULES = YES;
				CLANG_ENABLE_OBJC_ARC = YES;
				CLANG_MODULES_AUTOLINK = NO;
				CLANG_WARN__DUPLICATE_METHOD_MATCH = YES;
				COPY_PHASE_STRIP = NO;
				DEFINES_MODULE = NO;
				ENABLE_TESTABILITY = YES;
				GCC_C_LANGUAGE_STANDARD = gnu99;
				GCC_DYNAMIC_NO_PIC = NO;
				GCC_OPTIMIZATION_LEVEL = 0;
				GCC_PREPROCESSOR_DEFINITIONS = (
					"$(inherited)",
					"DEBUG=1",
				);
				GCC_SYMBOLS_PRIVATE_EXTERN = NO;
				GCC_VERSION = "";
				GCC_WARN_ABOUT_RETURN_TYPE = YES;
				GCC_WARN_UNINITIALIZED_AUTOS = YES;
				GCC_WARN_UNUSED_VARIABLE = YES;
				IPHONEOS_DEPLOYMENT_TARGET = 5.1;
				MODULEMAP_FILE = "";
				ONLY_ACTIVE_ARCH = YES;
				PRODUCT_NAME = TuneSdkTestApp;
				SDKROOT = iphoneos;
				STRIP_STYLE = "non-global";
				VALID_ARCHS = "i386 armv7 armv7s arm64";
			};
			name = Debug;
		};
		4FDFA18F15C700D300BEEC38 /* Release */ = {
			isa = XCBuildConfiguration;
			buildSettings = {
				ALWAYS_SEARCH_USER_PATHS = NO;
				CLANG_CXX_LANGUAGE_STANDARD = "gnu++0x";
				CLANG_ENABLE_MODULES = YES;
				CLANG_ENABLE_OBJC_ARC = YES;
				CLANG_MODULES_AUTOLINK = NO;
				CLANG_WARN__DUPLICATE_METHOD_MATCH = YES;
				COPY_PHASE_STRIP = YES;
				DEFINES_MODULE = NO;
				GCC_C_LANGUAGE_STANDARD = gnu99;
				GCC_PREPROCESSOR_DEFINITIONS = (
					"$(inherited)",
					"RELEASE=1",
				);
				GCC_VERSION = "";
				GCC_WARN_ABOUT_RETURN_TYPE = YES;
				GCC_WARN_UNINITIALIZED_AUTOS = YES;
				GCC_WARN_UNUSED_VARIABLE = YES;
				IPHONEOS_DEPLOYMENT_TARGET = 5.1;
				MODULEMAP_FILE = "";
				PRODUCT_NAME = TuneSdkTestApp;
				SDKROOT = iphoneos;
				STRIP_STYLE = "non-global";
				VALIDATE_PRODUCT = YES;
				VALID_ARCHS = "i386 armv7 armv7s arm64";
			};
			name = Release;
		};
		4FDFA19115C700D300BEEC38 /* Debug */ = {
			isa = XCBuildConfiguration;
			buildSettings = {
				ARCHS = (
					"$(ARCHS_STANDARD)",
					armv7s,
				);
				CLANG_ENABLE_MODULES = YES;
				CLANG_ENABLE_OBJC_ARC = YES;
				CLANG_MODULES_AUTOLINK = NO;
				CLANG_WARN_DOCUMENTATION_COMMENTS = YES;
				DEFINES_MODULE = YES;
				DEPLOYMENT_POSTPROCESSING = YES;
				DYLIB_COMPATIBILITY_VERSION = 1;
				DYLIB_CURRENT_VERSION = 1;
				FRAMEWORK_SEARCH_PATHS = (
					"$(inherited)",
					"$(SRCROOT)",
				);
				FRAMEWORK_VERSION = A;
				GCC_PRECOMPILE_PREFIX_HEADER = YES;
				GCC_PREFIX_HEADER = "Tune/MobileAppTracker-Prefix.pch";
				GCC_PREPROCESSOR_DEFINITIONS = (
					"$(inherited)",
					"CUSTOM_LOG=0",
					"DEBUG_STAGING=0",
					"DEBUG_AD_STAGING=0",
					"DEBUG_LOG=0",
					"DEBUG_LINK_LOG=0",
					"DEBUG_REQUEST_LOG=0",
					"DEBUG_JAILBREAK_LOG=0",
				);
				GCC_VERSION = "";
				GCC_WARN_ABOUT_MISSING_NEWLINE = YES;
				GCC_WARN_SHADOW = YES;
				GCC_WARN_STRICT_SELECTOR_MATCH = NO;
				GCC_WARN_UNINITIALIZED_AUTOS = YES;
				GCC_WARN_UNUSED_FUNCTION = YES;
				GCC_WARN_UNUSED_PARAMETER = NO;
				HEADER_SEARCH_PATHS = /usr/include/libxml2;
				INFOPLIST_FILE = "Tune/MobileAppTracker-Info.plist";
				IPHONEOS_DEPLOYMENT_TARGET = 5.1.1;
				LINK_WITH_STANDARD_LIBRARIES = YES;
				MODULEMAP_FILE = "";
				ONLY_ACTIVE_ARCH = NO;
				OTHER_CFLAGS = "";
				OTHER_LDFLAGS = "";
				PRODUCT_BUNDLE_IDENTIFIER = "com.tune.${PRODUCT_NAME:rfc1034identifier}";
				PRODUCT_NAME = MobileAppTracker;
				SKIP_INSTALL = YES;
				STRIP_STYLE = "non-global";
				TARGETED_DEVICE_FAMILY = "1,2";
				VALID_ARCHS = "i386 x86_64 armv7 armv7s arm64";
				WRAPPER_EXTENSION = framework;
			};
			name = Debug;
		};
		4FDFA19215C700D300BEEC38 /* Release */ = {
			isa = XCBuildConfiguration;
			buildSettings = {
				ARCHS = (
					"$(ARCHS_STANDARD)",
					armv7s,
				);
				CLANG_ENABLE_MODULES = YES;
				CLANG_ENABLE_OBJC_ARC = YES;
				CLANG_MODULES_AUTOLINK = NO;
				CLANG_WARN_DOCUMENTATION_COMMENTS = YES;
				DEFINES_MODULE = YES;
				DEPLOYMENT_POSTPROCESSING = YES;
				DYLIB_COMPATIBILITY_VERSION = 1;
				DYLIB_CURRENT_VERSION = 1;
				FRAMEWORK_SEARCH_PATHS = (
					"$(inherited)",
					"$(SRCROOT)",
				);
				FRAMEWORK_VERSION = A;
				GCC_GENERATE_DEBUGGING_SYMBOLS = NO;
				GCC_PRECOMPILE_PREFIX_HEADER = YES;
				GCC_PREFIX_HEADER = "Tune/MobileAppTracker-Prefix.pch";
				GCC_PREPROCESSOR_DEFINITIONS = (
					"$(inherited)",
					"DEBUG_LOG=0",
					"DEBUG_LINK_LOG=0",
					"DEBUG_REQUEST_LOG=0",
				);
				GCC_VERSION = "";
				GCC_WARN_ABOUT_MISSING_NEWLINE = YES;
				GCC_WARN_SHADOW = YES;
				GCC_WARN_STRICT_SELECTOR_MATCH = NO;
				GCC_WARN_UNINITIALIZED_AUTOS = YES;
				GCC_WARN_UNUSED_FUNCTION = YES;
				GCC_WARN_UNUSED_PARAMETER = NO;
				HEADER_SEARCH_PATHS = /usr/include/libxml2;
				INFOPLIST_FILE = "Tune/MobileAppTracker-Info.plist";
				IPHONEOS_DEPLOYMENT_TARGET = 5.1.1;
				LINK_WITH_STANDARD_LIBRARIES = YES;
				MODULEMAP_FILE = "";
				ONLY_ACTIVE_ARCH = NO;
				OTHER_CFLAGS = "";
				OTHER_LDFLAGS = "";
				PRODUCT_BUNDLE_IDENTIFIER = "com.tune.${PRODUCT_NAME:rfc1034identifier}";
				PRODUCT_NAME = MobileAppTracker;
				SKIP_INSTALL = YES;
				STRIP_STYLE = "non-global";
				TARGETED_DEVICE_FAMILY = "1,2";
				VALID_ARCHS = "i386 x86_64 armv7 armv7s arm64";
				WRAPPER_EXTENSION = framework;
			};
			name = Release;
		};
		F8C5D2D119AE9FAA00CB7C6C /* Testing */ = {
			isa = XCBuildConfiguration;
			buildSettings = {
				ALWAYS_SEARCH_USER_PATHS = NO;
				CLANG_CXX_LANGUAGE_STANDARD = "gnu++0x";
				CLANG_ENABLE_MODULES = YES;
				CLANG_ENABLE_OBJC_ARC = YES;
				CLANG_MODULES_AUTOLINK = NO;
				CLANG_WARN__DUPLICATE_METHOD_MATCH = YES;
				COPY_PHASE_STRIP = NO;
				DEFINES_MODULE = NO;
				GCC_C_LANGUAGE_STANDARD = gnu99;
				GCC_DYNAMIC_NO_PIC = NO;
				GCC_OPTIMIZATION_LEVEL = 0;
				GCC_PREPROCESSOR_DEFINITIONS = (
					"$(inherited)",
					"TESTING=1",
					"DEBUG=1",
				);
				GCC_SYMBOLS_PRIVATE_EXTERN = NO;
				GCC_VERSION = "";
				GCC_WARN_ABOUT_RETURN_TYPE = YES;
				GCC_WARN_UNINITIALIZED_AUTOS = YES;
				GCC_WARN_UNUSED_VARIABLE = YES;
				IPHONEOS_DEPLOYMENT_TARGET = 5.1;
				MODULEMAP_FILE = "";
				ONLY_ACTIVE_ARCH = YES;
				PRODUCT_NAME = TuneSdkTestApp;
				SDKROOT = iphoneos;
				STRIP_STYLE = "non-global";
				VALID_ARCHS = "i386 armv7 armv7s arm64";
			};
			name = Testing;
		};
		F8C5D2D219AE9FAA00CB7C6C /* Testing */ = {
			isa = XCBuildConfiguration;
			buildSettings = {
				ARCHS = (
					"$(ARCHS_STANDARD)",
					armv7s,
				);
				CLANG_ENABLE_MODULES = YES;
				CLANG_ENABLE_OBJC_ARC = YES;
				CLANG_MODULES_AUTOLINK = NO;
				CLANG_WARN_DOCUMENTATION_COMMENTS = YES;
				DEFINES_MODULE = NO;
				DEPLOYMENT_POSTPROCESSING = YES;
				DYLIB_COMPATIBILITY_VERSION = 1;
				DYLIB_CURRENT_VERSION = 1;
				FRAMEWORK_SEARCH_PATHS = (
					"$(inherited)",
					"$(SRCROOT)",
				);
				FRAMEWORK_VERSION = A;
				GCC_PRECOMPILE_PREFIX_HEADER = YES;
				GCC_PREFIX_HEADER = "Tune/MobileAppTracker-Prefix.pch";
				GCC_PREPROCESSOR_DEFINITIONS = (
					"$(inherited)",
					"CUSTOM_LOG=0",
					"DEBUG_STAGING=0",
					"DEBUG_AD_STAGING=0",
					"DEBUG_LOG=0",
					"DEBUG_LINK_LOG=0",
					"DEBUG_REQUEST_LOG=0",
					"DEBUG_JAILBREAK_LOG=0",
				);
				GCC_VERSION = "";
				GCC_WARN_ABOUT_MISSING_NEWLINE = YES;
				GCC_WARN_SHADOW = YES;
				GCC_WARN_STRICT_SELECTOR_MATCH = NO;
				GCC_WARN_UNINITIALIZED_AUTOS = YES;
				GCC_WARN_UNUSED_FUNCTION = YES;
				GCC_WARN_UNUSED_PARAMETER = NO;
				HEADER_SEARCH_PATHS = /usr/include/libxml2;
				INFOPLIST_FILE = "Tune/MobileAppTracker-Info.plist";
				IPHONEOS_DEPLOYMENT_TARGET = 5.1.1;
				LINK_WITH_STANDARD_LIBRARIES = YES;
				MODULEMAP_FILE = "";
				ONLY_ACTIVE_ARCH = NO;
				OTHER_CFLAGS = "";
				OTHER_LDFLAGS = "";
				PRODUCT_BUNDLE_IDENTIFIER = "com.tune.${PRODUCT_NAME:rfc1034identifier}";
				PRODUCT_NAME = MobileAppTracker;
				SKIP_INSTALL = YES;
				STRIP_STYLE = "non-global";
				TARGETED_DEVICE_FAMILY = "1,2";
				VALID_ARCHS = "i386 x86_64 armv7 armv7s arm64";
				WRAPPER_EXTENSION = framework;
			};
			name = Testing;
		};
		F8C5D2D319AE9FAA00CB7C6C /* Testing */ = {
			isa = XCBuildConfiguration;
			buildSettings = {
				CLANG_CXX_LIBRARY = "libc++";
				CLANG_ENABLE_MODULES = YES;
				CLANG_ENABLE_OBJC_ARC = YES;
				CLANG_MODULES_AUTOLINK = YES;
				CLANG_WARN_BOOL_CONVERSION = YES;
				CLANG_WARN_CONSTANT_CONVERSION = YES;
				CLANG_WARN_DIRECT_OBJC_ISA_USAGE = YES_ERROR;
				CLANG_WARN_EMPTY_BODY = YES;
				CLANG_WARN_ENUM_CONVERSION = YES;
				CLANG_WARN_INT_CONVERSION = YES;
				CLANG_WARN_OBJC_ROOT_CLASS = YES_ERROR;
				CODE_SIGN_IDENTITY = "iPhone Developer";
				DEFINES_MODULE = NO;
				FRAMEWORK_SEARCH_PATHS = (
					"$(SDKROOT)/Developer/Library/Frameworks",
					"$(inherited)",
					"$(DEVELOPER_FRAMEWORKS_DIR)",
				);
				GCC_PRECOMPILE_PREFIX_HEADER = YES;
				GCC_PREFIX_HEADER = "Tune Tests/MobileAppTracker Tests-Prefix.pch";
				GCC_PREPROCESSOR_DEFINITIONS = "$(inherited)";
				GCC_WARN_64_TO_32_BIT_CONVERSION = YES;
				GCC_WARN_ABOUT_RETURN_TYPE = YES_ERROR;
				GCC_WARN_UNDECLARED_SELECTOR = YES;
				GCC_WARN_UNUSED_FUNCTION = YES;
				INFOPLIST_FILE = "Tune Tests/MobileAppTracker Tests-Info.plist";
				IPHONEOS_DEPLOYMENT_TARGET = 7.0;
				PRODUCT_BUNDLE_IDENTIFIER = "com.tune.${PRODUCT_NAME:rfc1034identifier}";
				PRODUCT_NAME = "MobileAppTracker Tests";
				VALID_ARCHS = "x86_64 armv7 armv7s";
				WRAPPER_EXTENSION = xctest;
			};
			name = Testing;
		};
/* End XCBuildConfiguration section */

/* Begin XCConfigurationList section */
		42EAA5521860F4B900041A8D /* Build configuration list for PBXNativeTarget "MobileAppTracker Tests" */ = {
			isa = XCConfigurationList;
			buildConfigurations = (
				42EAA5501860F4B900041A8D /* Debug */,
				F8C5D2D319AE9FAA00CB7C6C /* Testing */,
				42EAA5511860F4B900041A8D /* Release */,
			);
			defaultConfigurationIsVisible = 0;
			defaultConfigurationName = Release;
		};
		4FDFA17815C700D300BEEC38 /* Build configuration list for PBXProject "MobileAppTracker" */ = {
			isa = XCConfigurationList;
			buildConfigurations = (
				4FDFA18E15C700D300BEEC38 /* Debug */,
				F8C5D2D119AE9FAA00CB7C6C /* Testing */,
				4FDFA18F15C700D300BEEC38 /* Release */,
			);
			defaultConfigurationIsVisible = 0;
			defaultConfigurationName = Release;
		};
		4FDFA19015C700D300BEEC38 /* Build configuration list for PBXNativeTarget "MobileAppTracker" */ = {
			isa = XCConfigurationList;
			buildConfigurations = (
				4FDFA19115C700D300BEEC38 /* Debug */,
				F8C5D2D219AE9FAA00CB7C6C /* Testing */,
				4FDFA19215C700D300BEEC38 /* Release */,
			);
			defaultConfigurationIsVisible = 0;
			defaultConfigurationName = Release;
		};
/* End XCConfigurationList section */
	};
	rootObject = 4FDFA17515C700D300BEEC38 /* Project object */;
}
