// !$*UTF8*$!
{
	archiveVersion = 1;
	classes = {
	};
	objectVersion = 46;
	objects = {

/* Begin PBXBuildFile section */
		F829F47A1C179A2F00F89E64 /* AdSupport.framework in Frameworks */ = {isa = PBXBuildFile; fileRef = F829F4791C179A2F00F89E64 /* AdSupport.framework */; };
		F8C0E5B51BC5CA9300942D8D /* main.m in Sources */ = {isa = PBXBuildFile; fileRef = F8C0E5B41BC5CA9300942D8D /* main.m */; };
		F8C0E5B81BC5CA9300942D8D /* AppDelegate.m in Sources */ = {isa = PBXBuildFile; fileRef = F8C0E5B71BC5CA9300942D8D /* AppDelegate.m */; };
		F8C0E5BB1BC5CA9300942D8D /* ViewController.m in Sources */ = {isa = PBXBuildFile; fileRef = F8C0E5BA1BC5CA9300942D8D /* ViewController.m */; };
		F8C0E5BE1BC5CA9300942D8D /* Main.storyboard in Resources */ = {isa = PBXBuildFile; fileRef = F8C0E5BC1BC5CA9300942D8D /* Main.storyboard */; };
		F8C0E5C01BC5CA9300942D8D /* Assets.xcassets in Resources */ = {isa = PBXBuildFile; fileRef = F8C0E5BF1BC5CA9300942D8D /* Assets.xcassets */; };
		F8C6353C1C7684BE00E5CD00 /* MobileAppTracker_tvOS.framework in Frameworks */ = {isa = PBXBuildFile; fileRef = F8C6353B1C7684BE00E5CD00 /* MobileAppTracker_tvOS.framework */; };
/* End PBXBuildFile section */

/* Begin PBXFileReference section */
		F829F4791C179A2F00F89E64 /* AdSupport.framework */ = {isa = PBXFileReference; lastKnownFileType = wrapper.framework; name = AdSupport.framework; path = System/Library/Frameworks/AdSupport.framework; sourceTree = SDKROOT; };
		F8C0E5B01BC5CA9300942D8D /* TestApp_tvOS.app */ = {isa = PBXFileReference; explicitFileType = wrapper.application; includeInIndex = 0; path = TestApp_tvOS.app; sourceTree = BUILT_PRODUCTS_DIR; };
		F8C0E5B41BC5CA9300942D8D /* main.m */ = {isa = PBXFileReference; lastKnownFileType = sourcecode.c.objc; path = main.m; sourceTree = "<group>"; };
		F8C0E5B61BC5CA9300942D8D /* AppDelegate.h */ = {isa = PBXFileReference; lastKnownFileType = sourcecode.c.h; path = AppDelegate.h; sourceTree = "<group>"; };
		F8C0E5B71BC5CA9300942D8D /* AppDelegate.m */ = {isa = PBXFileReference; lastKnownFileType = sourcecode.c.objc; path = AppDelegate.m; sourceTree = "<group>"; };
		F8C0E5B91BC5CA9300942D8D /* ViewController.h */ = {isa = PBXFileReference; lastKnownFileType = sourcecode.c.h; path = ViewController.h; sourceTree = "<group>"; };
		F8C0E5BA1BC5CA9300942D8D /* ViewController.m */ = {isa = PBXFileReference; lastKnownFileType = sourcecode.c.objc; path = ViewController.m; sourceTree = "<group>"; };
		F8C0E5BD1BC5CA9300942D8D /* Base */ = {isa = PBXFileReference; lastKnownFileType = file.storyboard; name = Base; path = Base.lproj/Main.storyboard; sourceTree = "<group>"; };
		F8C0E5BF1BC5CA9300942D8D /* Assets.xcassets */ = {isa = PBXFileReference; lastKnownFileType = folder.assetcatalog; path = Assets.xcassets; sourceTree = "<group>"; };
		F8C0E5C11BC5CA9300942D8D /* Info.plist */ = {isa = PBXFileReference; lastKnownFileType = text.plist.xml; path = Info.plist; sourceTree = "<group>"; };
		F8C6353B1C7684BE00E5CD00 /* MobileAppTracker_tvOS.framework */ = {isa = PBXFileReference; lastKnownFileType = wrapper.framework; name = MobileAppTracker_tvOS.framework; path = "../Tune/build/Release-appletvos/MobileAppTracker_tvOS.framework"; sourceTree = "<group>"; };
/* End PBXFileReference section */

/* Begin PBXFrameworksBuildPhase section */
		F8C0E5AD1BC5CA9300942D8D /* Frameworks */ = {
			isa = PBXFrameworksBuildPhase;
			buildActionMask = 2147483647;
			files = (
				F8C6353C1C7684BE00E5CD00 /* MobileAppTracker_tvOS.framework in Frameworks */,
				F829F47A1C179A2F00F89E64 /* AdSupport.framework in Frameworks */,
			);
			runOnlyForDeploymentPostprocessing = 0;
		};
/* End PBXFrameworksBuildPhase section */

/* Begin PBXGroup section */
		F8C0E5A71BC5CA9300942D8D = {
			isa = PBXGroup;
			children = (
				F8C6353B1C7684BE00E5CD00 /* MobileAppTracker_tvOS.framework */,
				F829F4791C179A2F00F89E64 /* AdSupport.framework */,
				F8C0E5B21BC5CA9300942D8D /* TestApp_tvOS */,
				F8C0E5B11BC5CA9300942D8D /* Products */,
			);
			sourceTree = "<group>";
		};
		F8C0E5B11BC5CA9300942D8D /* Products */ = {
			isa = PBXGroup;
			children = (
				F8C0E5B01BC5CA9300942D8D /* TestApp_tvOS.app */,
			);
			name = Products;
			sourceTree = "<group>";
		};
		F8C0E5B21BC5CA9300942D8D /* TestApp_tvOS */ = {
			isa = PBXGroup;
			children = (
				F8C0E5B61BC5CA9300942D8D /* AppDelegate.h */,
				F8C0E5B71BC5CA9300942D8D /* AppDelegate.m */,
				F8C0E5B91BC5CA9300942D8D /* ViewController.h */,
				F8C0E5BA1BC5CA9300942D8D /* ViewController.m */,
				F8C0E5BC1BC5CA9300942D8D /* Main.storyboard */,
				F8C0E5BF1BC5CA9300942D8D /* Assets.xcassets */,
				F8C0E5C11BC5CA9300942D8D /* Info.plist */,
				F8C0E5B31BC5CA9300942D8D /* Supporting Files */,
			);
			name = TestApp_tvOS;
			path = ../TestApp_tvOS/TestApp_tvOS;
			sourceTree = "<group>";
		};
		F8C0E5B31BC5CA9300942D8D /* Supporting Files */ = {
			isa = PBXGroup;
			children = (
				F8C0E5B41BC5CA9300942D8D /* main.m */,
			);
			name = "Supporting Files";
			sourceTree = "<group>";
		};
/* End PBXGroup section */

/* Begin PBXNativeTarget section */
		F8C0E5AF1BC5CA9300942D8D /* TestApp_tvOS */ = {
			isa = PBXNativeTarget;
			buildConfigurationList = F8C0E5C41BC5CA9300942D8D /* Build configuration list for PBXNativeTarget "TestApp_tvOS" */;
			buildPhases = (
				F8C0E5AC1BC5CA9300942D8D /* Sources */,
				F8C0E5AD1BC5CA9300942D8D /* Frameworks */,
				F8C0E5AE1BC5CA9300942D8D /* Resources */,
			);
			buildRules = (
			);
			dependencies = (
			);
			name = TestApp_tvOS;
			productName = TestApp_tvos;
			productReference = F8C0E5B01BC5CA9300942D8D /* TestApp_tvOS.app */;
			productType = "com.apple.product-type.application";
		};
/* End PBXNativeTarget section */

/* Begin PBXProject section */
		F8C0E5A81BC5CA9300942D8D /* Project object */ = {
			isa = PBXProject;
			attributes = {
				LastUpgradeCheck = 0710;
				ORGANIZATIONNAME = Tune;
				TargetAttributes = {
					F8C0E5AF1BC5CA9300942D8D = {
						CreatedOnToolsVersion = 7.1;
						DevelopmentTeam = MN489GLUZK;
					};
				};
			};
			buildConfigurationList = F8C0E5AB1BC5CA9300942D8D /* Build configuration list for PBXProject "TestApp_tvOS" */;
			compatibilityVersion = "Xcode 3.2";
			developmentRegion = English;
			hasScannedForEncodings = 0;
			knownRegions = (
				en,
				Base,
			);
			mainGroup = F8C0E5A71BC5CA9300942D8D;
			productRefGroup = F8C0E5B11BC5CA9300942D8D /* Products */;
			projectDirPath = "";
			projectRoot = "";
			targets = (
				F8C0E5AF1BC5CA9300942D8D /* TestApp_tvOS */,
			);
		};
/* End PBXProject section */

/* Begin PBXResourcesBuildPhase section */
		F8C0E5AE1BC5CA9300942D8D /* Resources */ = {
			isa = PBXResourcesBuildPhase;
			buildActionMask = 2147483647;
			files = (
				F8C0E5C01BC5CA9300942D8D /* Assets.xcassets in Resources */,
				F8C0E5BE1BC5CA9300942D8D /* Main.storyboard in Resources */,
			);
			runOnlyForDeploymentPostprocessing = 0;
		};
/* End PBXResourcesBuildPhase section */

/* Begin PBXSourcesBuildPhase section */
		F8C0E5AC1BC5CA9300942D8D /* Sources */ = {
			isa = PBXSourcesBuildPhase;
			buildActionMask = 2147483647;
			files = (
				F8C0E5BB1BC5CA9300942D8D /* ViewController.m in Sources */,
				F8C0E5B81BC5CA9300942D8D /* AppDelegate.m in Sources */,
				F8C0E5B51BC5CA9300942D8D /* main.m in Sources */,
			);
			runOnlyForDeploymentPostprocessing = 0;
		};
/* End PBXSourcesBuildPhase section */

/* Begin PBXVariantGroup section */
		F8C0E5BC1BC5CA9300942D8D /* Main.storyboard */ = {
			isa = PBXVariantGroup;
			children = (
				F8C0E5BD1BC5CA9300942D8D /* Base */,
			);
			name = Main.storyboard;
			sourceTree = "<group>";
		};
/* End PBXVariantGroup section */

/* Begin XCBuildConfiguration section */
		F8C0E5C21BC5CA9300942D8D /* Debug */ = {
			isa = XCBuildConfiguration;
			buildSettings = {
				ALWAYS_SEARCH_USER_PATHS = NO;
				CLANG_CXX_LANGUAGE_STANDARD = "gnu++0x";
				CLANG_CXX_LIBRARY = "libc++";
				CLANG_ENABLE_MODULES = YES;
				CLANG_ENABLE_OBJC_ARC = YES;
				CLANG_WARN_BOOL_CONVERSION = YES;
				CLANG_WARN_CONSTANT_CONVERSION = YES;
				CLANG_WARN_DIRECT_OBJC_ISA_USAGE = YES_ERROR;
				CLANG_WARN_EMPTY_BODY = YES;
				CLANG_WARN_ENUM_CONVERSION = YES;
				CLANG_WARN_INT_CONVERSION = YES;
				CLANG_WARN_OBJC_ROOT_CLASS = YES_ERROR;
				CLANG_WARN_UNREACHABLE_CODE = YES;
				CLANG_WARN__DUPLICATE_METHOD_MATCH = YES;
				COPY_PHASE_STRIP = NO;
				DEBUG_INFORMATION_FORMAT = dwarf;
				ENABLE_STRICT_OBJC_MSGSEND = YES;
				ENABLE_TESTABILITY = YES;
				GCC_C_LANGUAGE_STANDARD = gnu99;
				GCC_DYNAMIC_NO_PIC = NO;
				GCC_NO_COMMON_BLOCKS = YES;
				GCC_OPTIMIZATION_LEVEL = 0;
				GCC_PREPROCESSOR_DEFINITIONS = (
					"DEBUG=1",
					"$(inherited)",
				);
				GCC_WARN_64_TO_32_BIT_CONVERSION = YES;
				GCC_WARN_ABOUT_RETURN_TYPE = YES_ERROR;
				GCC_WARN_UNDECLARED_SELECTOR = YES;
				GCC_WARN_UNINITIALIZED_AUTOS = YES_AGGRESSIVE;
				GCC_WARN_UNUSED_FUNCTION = YES;
				GCC_WARN_UNUSED_VARIABLE = YES;
				MTL_ENABLE_DEBUG_INFO = YES;
				ONLY_ACTIVE_ARCH = YES;
				SDKROOT = appletvos;
				TARGETED_DEVICE_FAMILY = 3;
				TVOS_DEPLOYMENT_TARGET = 9.0;
			};
			name = Debug;
		};
		F8C0E5C31BC5CA9300942D8D /* Release */ = {
			isa = XCBuildConfiguration;
			buildSettings = {
				ALWAYS_SEARCH_USER_PATHS = NO;
				CLANG_CXX_LANGUAGE_STANDARD = "gnu++0x";
				CLANG_CXX_LIBRARY = "libc++";
				CLANG_ENABLE_MODULES = YES;
				CLANG_ENABLE_OBJC_ARC = YES;
				CLANG_WARN_BOOL_CONVERSION = YES;
				CLANG_WARN_CONSTANT_CONVERSION = YES;
				CLANG_WARN_DIRECT_OBJC_ISA_USAGE = YES_ERROR;
				CLANG_WARN_EMPTY_BODY = YES;
				CLANG_WARN_ENUM_CONVERSION = YES;
				CLANG_WARN_INT_CONVERSION = YES;
				CLANG_WARN_OBJC_ROOT_CLASS = YES_ERROR;
				CLANG_WARN_UNREACHABLE_CODE = YES;
				CLANG_WARN__DUPLICATE_METHOD_MATCH = YES;
				COPY_PHASE_STRIP = NO;
				DEBUG_INFORMATION_FORMAT = "dwarf-with-dsym";
				ENABLE_NS_ASSERTIONS = NO;
				ENABLE_STRICT_OBJC_MSGSEND = YES;
				GCC_C_LANGUAGE_STANDARD = gnu99;
				GCC_NO_COMMON_BLOCKS = YES;
				GCC_WARN_64_TO_32_BIT_CONVERSION = YES;
				GCC_WARN_ABOUT_RETURN_TYPE = YES_ERROR;
				GCC_WARN_UNDECLARED_SELECTOR = YES;
				GCC_WARN_UNINITIALIZED_AUTOS = YES_AGGRESSIVE;
				GCC_WARN_UNUSED_FUNCTION = YES;
				GCC_WARN_UNUSED_VARIABLE = YES;
				MTL_ENABLE_DEBUG_INFO = NO;
				SDKROOT = appletvos;
				TARGETED_DEVICE_FAMILY = 3;
				TVOS_DEPLOYMENT_TARGET = 9.0;
				VALIDATE_PRODUCT = YES;
			};
			name = Release;
		};
		F8C0E5C51BC5CA9300942D8D /* Debug */ = {
			isa = XCBuildConfiguration;
			buildSettings = {
				ASSETCATALOG_COMPILER_APPICON_NAME = "App Icon & Top Shelf Image";
				ASSETCATALOG_COMPILER_LAUNCHIMAGE_NAME = LaunchImage;
				CODE_SIGN_IDENTITY = "iPhone Developer";
				"CODE_SIGN_IDENTITY[sdk=appletvos*]" = "iPhone Developer";
				INFOPLIST_FILE = TestApp_tvOS/Info.plist;
				LD_RUNPATH_SEARCH_PATHS = "$(inherited) @executable_path/Frameworks";
				PRODUCT_BUNDLE_IDENTIFIER = "com.tune.TestApp-tvOS";
				PRODUCT_NAME = TestApp_tvOS;
				PROVISIONING_PROFILE = "";
			};
			name = Debug;
		};
		F8C0E5C61BC5CA9300942D8D /* Release */ = {
			isa = XCBuildConfiguration;
			buildSettings = {
				ASSETCATALOG_COMPILER_APPICON_NAME = "App Icon & Top Shelf Image";
				ASSETCATALOG_COMPILER_LAUNCHIMAGE_NAME = LaunchImage;
				CODE_SIGN_IDENTITY = "iPhone Developer";
				"CODE_SIGN_IDENTITY[sdk=appletvos*]" = "iPhone Developer";
				INFOPLIST_FILE = TestApp_tvOS/Info.plist;
				LD_RUNPATH_SEARCH_PATHS = "$(inherited) @executable_path/Frameworks";
				PRODUCT_BUNDLE_IDENTIFIER = "com.tune.TestApp-tvOS";
				PRODUCT_NAME = TestApp_tvOS;
				PROVISIONING_PROFILE = "";
			};
			name = Release;
		};
/* End XCBuildConfiguration section */

/* Begin XCConfigurationList section */
		F8C0E5AB1BC5CA9300942D8D /* Build configuration list for PBXProject "TestApp_tvOS" */ = {
			isa = XCConfigurationList;
			buildConfigurations = (
				F8C0E5C21BC5CA9300942D8D /* Debug */,
				F8C0E5C31BC5CA9300942D8D /* Release */,
			);
			defaultConfigurationIsVisible = 0;
			defaultConfigurationName = Release;
		};
		F8C0E5C41BC5CA9300942D8D /* Build configuration list for PBXNativeTarget "TestApp_tvOS" */ = {
			isa = XCConfigurationList;
			buildConfigurations = (
				F8C0E5C51BC5CA9300942D8D /* Debug */,
				F8C0E5C61BC5CA9300942D8D /* Release */,
			);
			defaultConfigurationIsVisible = 0;
			defaultConfigurationName = Release;
		};
/* End XCConfigurationList section */
	};
	rootObject = F8C0E5A81BC5CA9300942D8D /* Project object */;
}
