// !$*UTF8*$!
{
	archiveVersion = 1;
	classes = {
	};
	objectVersion = 46;
	objects = {

/* Begin PBXBuildFile section */
		F806FDDF1AA636770020017E /* tune_bg.png in Resources */ = {isa = PBXBuildFile; fileRef = F806FDDE1AA636770020017E /* tune_bg.png */; };
		F8B71E871B572FBB008E8215 /* MobileAppTracker.framework in Frameworks */ = {isa = PBXBuildFile; fileRef = F8B71E861B572FBB008E8215 /* MobileAppTracker.framework */; };
		F8D88D6219EDD228005155E6 /* main.m in Sources */ = {isa = PBXBuildFile; fileRef = F8D88D6119EDD228005155E6 /* main.m */; };
		F8D88D6519EDD228005155E6 /* AppDelegate.m in Sources */ = {isa = PBXBuildFile; fileRef = F8D88D6419EDD228005155E6 /* AppDelegate.m */; };
		F8D88D6819EDD228005155E6 /* ViewController.m in Sources */ = {isa = PBXBuildFile; fileRef = F8D88D6719EDD228005155E6 /* ViewController.m */; };
		F8D88D6B19EDD228005155E6 /* Main.storyboard in Resources */ = {isa = PBXBuildFile; fileRef = F8D88D6919EDD228005155E6 /* Main.storyboard */; };
		F8D88D6D19EDD228005155E6 /* Images.xcassets in Resources */ = {isa = PBXBuildFile; fileRef = F8D88D6C19EDD228005155E6 /* Images.xcassets */; };
		F8D88D7019EDD228005155E6 /* LaunchScreen.xib in Resources */ = {isa = PBXBuildFile; fileRef = F8D88D6E19EDD228005155E6 /* LaunchScreen.xib */; };
		F8D88D7C19EDD228005155E6 /* TuneBasicBannerAdTests.m in Sources */ = {isa = PBXBuildFile; fileRef = F8D88D7B19EDD228005155E6 /* TuneBasicBannerAdTests.m */; };
		F8EF1E521A93BE8100839B89 /* icon-58.png in Resources */ = {isa = PBXBuildFile; fileRef = F8EF1E4D1A93BE8100839B89 /* icon-58.png */; };
		F8EF1E531A93BE8100839B89 /* icon-80.png in Resources */ = {isa = PBXBuildFile; fileRef = F8EF1E4E1A93BE8100839B89 /* icon-80.png */; };
		F8EF1E541A93BE8100839B89 /* icon-120.png in Resources */ = {isa = PBXBuildFile; fileRef = F8EF1E4F1A93BE8100839B89 /* icon-120.png */; };
		F8EF1E551A93BE8100839B89 /* icon-152.png in Resources */ = {isa = PBXBuildFile; fileRef = F8EF1E501A93BE8100839B89 /* icon-152.png */; };
		F8EF1E561A93BE8100839B89 /* icon-180.png in Resources */ = {isa = PBXBuildFile; fileRef = F8EF1E511A93BE8100839B89 /* icon-180.png */; };
		F8EF1E581A93D5F700839B89 /* icon-87.png in Resources */ = {isa = PBXBuildFile; fileRef = F8EF1E571A93D5F700839B89 /* icon-87.png */; };
		F8EF1E5A1A93D6DE00839B89 /* icon-76.png in Resources */ = {isa = PBXBuildFile; fileRef = F8EF1E591A93D6DE00839B89 /* icon-76.png */; };
/* End PBXBuildFile section */

/* Begin PBXContainerItemProxy section */
		F8D88D7619EDD228005155E6 /* PBXContainerItemProxy */ = {
			isa = PBXContainerItemProxy;
			containerPortal = F8D88D5419EDD228005155E6 /* Project object */;
			proxyType = 1;
			remoteGlobalIDString = F8D88D5B19EDD228005155E6;
			remoteInfo = TuneBasicBannerAd;
		};
/* End PBXContainerItemProxy section */

/* Begin PBXFileReference section */
		F806FDDE1AA636770020017E /* tune_bg.png */ = {isa = PBXFileReference; lastKnownFileType = image.png; path = tune_bg.png; sourceTree = "<group>"; };
		F8B71E861B572FBB008E8215 /* MobileAppTracker.framework */ = {isa = PBXFileReference; lastKnownFileType = wrapper.framework; path = MobileAppTracker.framework; sourceTree = "<group>"; };
		F8D88D5C19EDD228005155E6 /* TuneBasicBannerAd.app */ = {isa = PBXFileReference; explicitFileType = wrapper.application; includeInIndex = 0; path = TuneBasicBannerAd.app; sourceTree = BUILT_PRODUCTS_DIR; };
		F8D88D6019EDD228005155E6 /* Info.plist */ = {isa = PBXFileReference; lastKnownFileType = text.plist.xml; path = Info.plist; sourceTree = "<group>"; };
		F8D88D6119EDD228005155E6 /* main.m */ = {isa = PBXFileReference; lastKnownFileType = sourcecode.c.objc; path = main.m; sourceTree = "<group>"; };
		F8D88D6319EDD228005155E6 /* AppDelegate.h */ = {isa = PBXFileReference; lastKnownFileType = sourcecode.c.h; path = AppDelegate.h; sourceTree = "<group>"; };
		F8D88D6419EDD228005155E6 /* AppDelegate.m */ = {isa = PBXFileReference; lastKnownFileType = sourcecode.c.objc; path = AppDelegate.m; sourceTree = "<group>"; };
		F8D88D6619EDD228005155E6 /* ViewController.h */ = {isa = PBXFileReference; lastKnownFileType = sourcecode.c.h; path = ViewController.h; sourceTree = "<group>"; };
		F8D88D6719EDD228005155E6 /* ViewController.m */ = {isa = PBXFileReference; lastKnownFileType = sourcecode.c.objc; path = ViewController.m; sourceTree = "<group>"; };
		F8D88D6A19EDD228005155E6 /* Base */ = {isa = PBXFileReference; lastKnownFileType = file.storyboard; name = Base; path = Base.lproj/Main.storyboard; sourceTree = "<group>"; };
		F8D88D6C19EDD228005155E6 /* Images.xcassets */ = {isa = PBXFileReference; lastKnownFileType = folder.assetcatalog; path = Images.xcassets; sourceTree = "<group>"; };
		F8D88D6F19EDD228005155E6 /* Base */ = {isa = PBXFileReference; lastKnownFileType = file.xib; name = Base; path = Base.lproj/LaunchScreen.xib; sourceTree = "<group>"; };
		F8D88D7519EDD228005155E6 /* TuneBasicBannerAdTests.xctest */ = {isa = PBXFileReference; explicitFileType = wrapper.cfbundle; includeInIndex = 0; path = TuneBasicBannerAdTests.xctest; sourceTree = BUILT_PRODUCTS_DIR; };
		F8D88D7A19EDD228005155E6 /* Info.plist */ = {isa = PBXFileReference; lastKnownFileType = text.plist.xml; path = Info.plist; sourceTree = "<group>"; };
		F8D88D7B19EDD228005155E6 /* TuneBasicBannerAdTests.m */ = {isa = PBXFileReference; lastKnownFileType = sourcecode.c.objc; path = TuneBasicBannerAdTests.m; sourceTree = "<group>"; };
		F8EF1E4D1A93BE8100839B89 /* icon-58.png */ = {isa = PBXFileReference; lastKnownFileType = image.png; path = "icon-58.png"; sourceTree = "<group>"; };
		F8EF1E4E1A93BE8100839B89 /* icon-80.png */ = {isa = PBXFileReference; lastKnownFileType = image.png; path = "icon-80.png"; sourceTree = "<group>"; };
		F8EF1E4F1A93BE8100839B89 /* icon-120.png */ = {isa = PBXFileReference; lastKnownFileType = image.png; path = "icon-120.png"; sourceTree = "<group>"; };
		F8EF1E501A93BE8100839B89 /* icon-152.png */ = {isa = PBXFileReference; lastKnownFileType = image.png; path = "icon-152.png"; sourceTree = "<group>"; };
		F8EF1E511A93BE8100839B89 /* icon-180.png */ = {isa = PBXFileReference; lastKnownFileType = image.png; path = "icon-180.png"; sourceTree = "<group>"; };
		F8EF1E571A93D5F700839B89 /* icon-87.png */ = {isa = PBXFileReference; lastKnownFileType = image.png; path = "icon-87.png"; sourceTree = "<group>"; };
		F8EF1E591A93D6DE00839B89 /* icon-76.png */ = {isa = PBXFileReference; lastKnownFileType = image.png; path = "icon-76.png"; sourceTree = "<group>"; };
/* End PBXFileReference section */

/* Begin PBXFrameworksBuildPhase section */
		F8D88D5919EDD228005155E6 /* Frameworks */ = {
			isa = PBXFrameworksBuildPhase;
			buildActionMask = 2147483647;
			files = (
				F8B71E871B572FBB008E8215 /* MobileAppTracker.framework in Frameworks */,
			);
			runOnlyForDeploymentPostprocessing = 0;
		};
		F8D88D7219EDD228005155E6 /* Frameworks */ = {
			isa = PBXFrameworksBuildPhase;
			buildActionMask = 2147483647;
			files = (
			);
			runOnlyForDeploymentPostprocessing = 0;
		};
/* End PBXFrameworksBuildPhase section */

/* Begin PBXGroup section */
		F8D88D5319EDD228005155E6 = {
			isa = PBXGroup;
			children = (
				F8B71E861B572FBB008E8215 /* MobileAppTracker.framework */,
				F8D88D5E19EDD228005155E6 /* TuneBasicBannerAd */,
				F8D88D7819EDD228005155E6 /* TuneBasicBannerAdTests */,
				F8D88D5D19EDD228005155E6 /* Products */,
			);
			sourceTree = "<group>";
		};
		F8D88D5D19EDD228005155E6 /* Products */ = {
			isa = PBXGroup;
			children = (
				F8D88D5C19EDD228005155E6 /* TuneBasicBannerAd.app */,
				F8D88D7519EDD228005155E6 /* TuneBasicBannerAdTests.xctest */,
			);
			name = Products;
			sourceTree = "<group>";
		};
		F8D88D5E19EDD228005155E6 /* TuneBasicBannerAd */ = {
			isa = PBXGroup;
			children = (
				F8D88D6319EDD228005155E6 /* AppDelegate.h */,
				F8D88D6419EDD228005155E6 /* AppDelegate.m */,
				F8D88D6619EDD228005155E6 /* ViewController.h */,
				F8D88D6719EDD228005155E6 /* ViewController.m */,
				F8D88D6919EDD228005155E6 /* Main.storyboard */,
				F8D88D6C19EDD228005155E6 /* Images.xcassets */,
				F8D88D6E19EDD228005155E6 /* LaunchScreen.xib */,
				F8D88D5F19EDD228005155E6 /* Supporting Files */,
			);
			path = TuneBasicBannerAd;
			sourceTree = "<group>";
		};
		F8D88D5F19EDD228005155E6 /* Supporting Files */ = {
			isa = PBXGroup;
			children = (
				F806FDDE1AA636770020017E /* tune_bg.png */,
				F8EF1E4D1A93BE8100839B89 /* icon-58.png */,
				F8EF1E591A93D6DE00839B89 /* icon-76.png */,
				F8EF1E4E1A93BE8100839B89 /* icon-80.png */,
				F8EF1E571A93D5F700839B89 /* icon-87.png */,
				F8EF1E4F1A93BE8100839B89 /* icon-120.png */,
				F8EF1E501A93BE8100839B89 /* icon-152.png */,
				F8EF1E511A93BE8100839B89 /* icon-180.png */,
				F8D88D6019EDD228005155E6 /* Info.plist */,
				F8D88D6119EDD228005155E6 /* main.m */,
			);
			name = "Supporting Files";
			sourceTree = "<group>";
		};
		F8D88D7819EDD228005155E6 /* TuneBasicBannerAdTests */ = {
			isa = PBXGroup;
			children = (
				F8D88D7B19EDD228005155E6 /* TuneBasicBannerAdTests.m */,
				F8D88D7919EDD228005155E6 /* Supporting Files */,
			);
			path = TuneBasicBannerAdTests;
			sourceTree = "<group>";
		};
		F8D88D7919EDD228005155E6 /* Supporting Files */ = {
			isa = PBXGroup;
			children = (
				F8D88D7A19EDD228005155E6 /* Info.plist */,
			);
			name = "Supporting Files";
			sourceTree = "<group>";
		};
/* End PBXGroup section */

/* Begin PBXNativeTarget section */
		F8D88D5B19EDD228005155E6 /* TuneBasicBannerAd */ = {
			isa = PBXNativeTarget;
			buildConfigurationList = F8D88D7F19EDD228005155E6 /* Build configuration list for PBXNativeTarget "TuneBasicBannerAd" */;
			buildPhases = (
				F8D88D5819EDD228005155E6 /* Sources */,
				F8D88D5919EDD228005155E6 /* Frameworks */,
				F8D88D5A19EDD228005155E6 /* Resources */,
			);
			buildRules = (
			);
			dependencies = (
			);
			name = TuneBasicBannerAd;
			productName = TuneBasicBannerAd;
			productReference = F8D88D5C19EDD228005155E6 /* TuneBasicBannerAd.app */;
			productType = "com.apple.product-type.application";
		};
		F8D88D7419EDD228005155E6 /* TuneBasicBannerAdTests */ = {
			isa = PBXNativeTarget;
			buildConfigurationList = F8D88D8219EDD228005155E6 /* Build configuration list for PBXNativeTarget "TuneBasicBannerAdTests" */;
			buildPhases = (
				F8D88D7119EDD228005155E6 /* Sources */,
				F8D88D7219EDD228005155E6 /* Frameworks */,
				F8D88D7319EDD228005155E6 /* Resources */,
			);
			buildRules = (
			);
			dependencies = (
				F8D88D7719EDD228005155E6 /* PBXTargetDependency */,
			);
			name = TuneBasicBannerAdTests;
			productName = TuneBasicBannerAdTests;
			productReference = F8D88D7519EDD228005155E6 /* TuneBasicBannerAdTests.xctest */;
			productType = "com.apple.product-type.bundle.unit-test";
		};
/* End PBXNativeTarget section */

/* Begin PBXProject section */
		F8D88D5419EDD228005155E6 /* Project object */ = {
			isa = PBXProject;
			attributes = {
				LastUpgradeCheck = 0600;
				ORGANIZATIONNAME = "HasOffers Inc";
				TargetAttributes = {
					F8D88D5B19EDD228005155E6 = {
						CreatedOnToolsVersion = 6.0.1;
					};
					F8D88D7419EDD228005155E6 = {
						CreatedOnToolsVersion = 6.0.1;
						TestTargetID = F8D88D5B19EDD228005155E6;
					};
				};
			};
			buildConfigurationList = F8D88D5719EDD228005155E6 /* Build configuration list for PBXProject "TuneBasicBannerAd" */;
			compatibilityVersion = "Xcode 3.2";
			developmentRegion = English;
			hasScannedForEncodings = 0;
			knownRegions = (
				en,
				Base,
			);
			mainGroup = F8D88D5319EDD228005155E6;
			productRefGroup = F8D88D5D19EDD228005155E6 /* Products */;
			projectDirPath = "";
			projectRoot = "";
			targets = (
				F8D88D5B19EDD228005155E6 /* TuneBasicBannerAd */,
				F8D88D7419EDD228005155E6 /* TuneBasicBannerAdTests */,
			);
		};
/* End PBXProject section */

/* Begin PBXResourcesBuildPhase section */
		F8D88D5A19EDD228005155E6 /* Resources */ = {
			isa = PBXResourcesBuildPhase;
			buildActionMask = 2147483647;
			files = (
				F8EF1E531A93BE8100839B89 /* icon-80.png in Resources */,
				F8EF1E5A1A93D6DE00839B89 /* icon-76.png in Resources */,
				F8D88D6B19EDD228005155E6 /* Main.storyboard in Resources */,
				F8EF1E541A93BE8100839B89 /* icon-120.png in Resources */,
				F8EF1E551A93BE8100839B89 /* icon-152.png in Resources */,
				F8EF1E521A93BE8100839B89 /* icon-58.png in Resources */,
				F8D88D7019EDD228005155E6 /* LaunchScreen.xib in Resources */,
				F806FDDF1AA636770020017E /* tune_bg.png in Resources */,
				F8EF1E561A93BE8100839B89 /* icon-180.png in Resources */,
				F8D88D6D19EDD228005155E6 /* Images.xcassets in Resources */,
				F8EF1E581A93D5F700839B89 /* icon-87.png in Resources */,
			);
			runOnlyForDeploymentPostprocessing = 0;
		};
		F8D88D7319EDD228005155E6 /* Resources */ = {
			isa = PBXResourcesBuildPhase;
			buildActionMask = 2147483647;
			files = (
			);
			runOnlyForDeploymentPostprocessing = 0;
		};
/* End PBXResourcesBuildPhase section */

/* Begin PBXSourcesBuildPhase section */
		F8D88D5819EDD228005155E6 /* Sources */ = {
			isa = PBXSourcesBuildPhase;
			buildActionMask = 2147483647;
			files = (
				F8D88D6819EDD228005155E6 /* ViewController.m in Sources */,
				F8D88D6519EDD228005155E6 /* AppDelegate.m in Sources */,
				F8D88D6219EDD228005155E6 /* main.m in Sources */,
			);
			runOnlyForDeploymentPostprocessing = 0;
		};
		F8D88D7119EDD228005155E6 /* Sources */ = {
			isa = PBXSourcesBuildPhase;
			buildActionMask = 2147483647;
			files = (
				F8D88D7C19EDD228005155E6 /* TuneBasicBannerAdTests.m in Sources */,
			);
			runOnlyForDeploymentPostprocessing = 0;
		};
/* End PBXSourcesBuildPhase section */

/* Begin PBXTargetDependency section */
		F8D88D7719EDD228005155E6 /* PBXTargetDependency */ = {
			isa = PBXTargetDependency;
			target = F8D88D5B19EDD228005155E6 /* TuneBasicBannerAd */;
			targetProxy = F8D88D7619EDD228005155E6 /* PBXContainerItemProxy */;
		};
/* End PBXTargetDependency section */

/* Begin PBXVariantGroup section */
		F8D88D6919EDD228005155E6 /* Main.storyboard */ = {
			isa = PBXVariantGroup;
			children = (
				F8D88D6A19EDD228005155E6 /* Base */,
			);
			name = Main.storyboard;
			sourceTree = "<group>";
		};
		F8D88D6E19EDD228005155E6 /* LaunchScreen.xib */ = {
			isa = PBXVariantGroup;
			children = (
				F8D88D6F19EDD228005155E6 /* Base */,
			);
			name = LaunchScreen.xib;
			sourceTree = "<group>";
		};
/* End PBXVariantGroup section */

/* Begin XCBuildConfiguration section */
		F8D88D7D19EDD228005155E6 /* Debug */ = {
			isa = XCBuildConfiguration;
			buildSettings = {
				ALWAYS_SEARCH_USER_PATHS = NO;
				CLANG_CXX_LANGUAGE_STANDARD = "gnu++0x";
				CLANG_CXX_LIBRARY = "libc++";
				CLANG_ENABLE_MODULES = YES;
				CLANG_ENABLE_OBJC_ARC = YES;
				CLANG_WARN_BOOL_CONVERSION = YES;
				CLANG_WARN_CONSTANT_CONVERSION = YES;
				CLANG_WARN_DIRECT_OBJC_ISA_USAGE = YES_ERROR;
				CLANG_WARN_EMPTY_BODY = YES;
				CLANG_WARN_ENUM_CONVERSION = YES;
				CLANG_WARN_INT_CONVERSION = YES;
				CLANG_WARN_OBJC_ROOT_CLASS = YES_ERROR;
				CLANG_WARN_UNREACHABLE_CODE = YES;
				CLANG_WARN__DUPLICATE_METHOD_MATCH = YES;
				"CODE_SIGN_IDENTITY[sdk=iphoneos*]" = "iPhone Developer";
				COPY_PHASE_STRIP = NO;
				ENABLE_STRICT_OBJC_MSGSEND = YES;
				GCC_C_LANGUAGE_STANDARD = gnu99;
				GCC_DYNAMIC_NO_PIC = NO;
				GCC_OPTIMIZATION_LEVEL = 0;
				GCC_PREPROCESSOR_DEFINITIONS = (
					"DEBUG=1",
					"$(inherited)",
				);
				GCC_SYMBOLS_PRIVATE_EXTERN = NO;
				GCC_WARN_64_TO_32_BIT_CONVERSION = YES;
				GCC_WARN_ABOUT_RETURN_TYPE = YES_ERROR;
				GCC_WARN_UNDECLARED_SELECTOR = YES;
				GCC_WARN_UNINITIALIZED_AUTOS = YES_AGGRESSIVE;
				GCC_WARN_UNUSED_FUNCTION = YES;
				GCC_WARN_UNUSED_VARIABLE = YES;
				IPHONEOS_DEPLOYMENT_TARGET = 8.0;
				MTL_ENABLE_DEBUG_INFO = YES;
				ONLY_ACTIVE_ARCH = YES;
				SDKROOT = iphoneos;
				TARGETED_DEVICE_FAMILY = "1,2";
			};
			name = Debug;
		};
		F8D88D7E19EDD228005155E6 /* Release */ = {
			isa = XCBuildConfiguration;
			buildSettings = {
				ALWAYS_SEARCH_USER_PATHS = NO;
				CLANG_CXX_LANGUAGE_STANDARD = "gnu++0x";
				CLANG_CXX_LIBRARY = "libc++";
				CLANG_ENABLE_MODULES = YES;
				CLANG_ENABLE_OBJC_ARC = YES;
				CLANG_WARN_BOOL_CONVERSION = YES;
				CLANG_WARN_CONSTANT_CONVERSION = YES;
				CLANG_WARN_DIRECT_OBJC_ISA_USAGE = YES_ERROR;
				CLANG_WARN_EMPTY_BODY = YES;
				CLANG_WARN_ENUM_CONVERSION = YES;
				CLANG_WARN_INT_CONVERSION = YES;
				CLANG_WARN_OBJC_ROOT_CLASS = YES_ERROR;
				CLANG_WARN_UNREACHABLE_CODE = YES;
				CLANG_WARN__DUPLICATE_METHOD_MATCH = YES;
				"CODE_SIGN_IDENTITY[sdk=iphoneos*]" = "iPhone Developer";
				COPY_PHASE_STRIP = YES;
				ENABLE_NS_ASSERTIONS = NO;
				ENABLE_STRICT_OBJC_MSGSEND = YES;
				GCC_C_LANGUAGE_STANDARD = gnu99;
				GCC_WARN_64_TO_32_BIT_CONVERSION = YES;
				GCC_WARN_ABOUT_RETURN_TYPE = YES_ERROR;
				GCC_WARN_UNDECLARED_SELECTOR = YES;
				GCC_WARN_UNINITIALIZED_AUTOS = YES_AGGRESSIVE;
				GCC_WARN_UNUSED_FUNCTION = YES;
				GCC_WARN_UNUSED_VARIABLE = YES;
				IPHONEOS_DEPLOYMENT_TARGET = 8.0;
				MTL_ENABLE_DEBUG_INFO = NO;
				SDKROOT = iphoneos;
				TARGETED_DEVICE_FAMILY = "1,2";
				VALIDATE_PRODUCT = YES;
			};
			name = Release;
		};
		F8D88D8019EDD228005155E6 /* Debug */ = {
			isa = XCBuildConfiguration;
			buildSettings = {
				ASSETCATALOG_COMPILER_APPICON_NAME = AppIcon;
				FRAMEWORK_SEARCH_PATHS = (
					"$(inherited)",
					"$(PROJECT_DIR)",
				);
				INFOPLIST_FILE = TuneBasicBannerAd/Info.plist;
				LD_RUNPATH_SEARCH_PATHS = "$(inherited) @executable_path/Frameworks";
				PRODUCT_NAME = "$(TARGET_NAME)";
				TARGETED_DEVICE_FAMILY = "1,2";
			};
			name = Debug;
		};
		F8D88D8119EDD228005155E6 /* Release */ = {
			isa = XCBuildConfiguration;
			buildSettings = {
				ASSETCATALOG_COMPILER_APPICON_NAME = AppIcon;
				FRAMEWORK_SEARCH_PATHS = (
					"$(inherited)",
					"$(PROJECT_DIR)",
				);
				INFOPLIST_FILE = TuneBasicBannerAd/Info.plist;
				LD_RUNPATH_SEARCH_PATHS = "$(inherited) @executable_path/Frameworks";
				PRODUCT_NAME = "$(TARGET_NAME)";
				TARGETED_DEVICE_FAMILY = "1,2";
			};
			name = Release;
		};
		F8D88D8319EDD228005155E6 /* Debug */ = {
			isa = XCBuildConfiguration;
			buildSettings = {
				BUNDLE_LOADER = "$(TEST_HOST)";
				FRAMEWORK_SEARCH_PATHS = (
					"$(SDKROOT)/Developer/Library/Frameworks",
					"$(inherited)",
				);
				GCC_PREPROCESSOR_DEFINITIONS = (
					"DEBUG=1",
					"$(inherited)",
				);
				INFOPLIST_FILE = TuneBasicBannerAdTests/Info.plist;
				LD_RUNPATH_SEARCH_PATHS = "$(inherited) @executable_path/Frameworks @loader_path/Frameworks";
				PRODUCT_NAME = "$(TARGET_NAME)";
				TEST_HOST = "$(BUILT_PRODUCTS_DIR)/TuneBasicBannerAd.app/TuneBasicBannerAd";
			};
			name = Debug;
		};
		F8D88D8419EDD228005155E6 /* Release */ = {
			isa = XCBuildConfiguration;
			buildSettings = {
				BUNDLE_LOADER = "$(TEST_HOST)";
				FRAMEWORK_SEARCH_PATHS = (
					"$(SDKROOT)/Developer/Library/Frameworks",
					"$(inherited)",
				);
				INFOPLIST_FILE = TuneBasicBannerAdTests/Info.plist;
				LD_RUNPATH_SEARCH_PATHS = "$(inherited) @executable_path/Frameworks @loader_path/Frameworks";
				PRODUCT_NAME = "$(TARGET_NAME)";
				TEST_HOST = "$(BUILT_PRODUCTS_DIR)/TuneBasicBannerAd.app/TuneBasicBannerAd";
			};
			name = Release;
		};
/* End XCBuildConfiguration section */

/* Begin XCConfigurationList section */
		F8D88D5719EDD228005155E6 /* Build configuration list for PBXProject "TuneBasicBannerAd" */ = {
			isa = XCConfigurationList;
			buildConfigurations = (
				F8D88D7D19EDD228005155E6 /* Debug */,
				F8D88D7E19EDD228005155E6 /* Release */,
			);
			defaultConfigurationIsVisible = 0;
			defaultConfigurationName = Release;
		};
		F8D88D7F19EDD228005155E6 /* Build configuration list for PBXNativeTarget "TuneBasicBannerAd" */ = {
			isa = XCConfigurationList;
			buildConfigurations = (
				F8D88D8019EDD228005155E6 /* Debug */,
				F8D88D8119EDD228005155E6 /* Release */,
			);
			defaultConfigurationIsVisible = 0;
			defaultConfigurationName = Release;
		};
		F8D88D8219EDD228005155E6 /* Build configuration list for PBXNativeTarget "TuneBasicBannerAdTests" */ = {
			isa = XCConfigurationList;
			buildConfigurations = (
				F8D88D8319EDD228005155E6 /* Debug */,
				F8D88D8419EDD228005155E6 /* Release */,
			);
			defaultConfigurationIsVisible = 0;
			defaultConfigurationName = Release;
		};
/* End XCConfigurationList section */
	};
	rootObject = F8D88D5419EDD228005155E6 /* Project object */;
}
