// !$*UTF8*$!
{
	archiveVersion = 1;
	classes = {
	};
	objectVersion = 46;
	objects = {

/* Begin PBXBuildFile section */
		F806FDE11AA638920020017E /* tune_bg.png in Resources */ = {isa = PBXBuildFile; fileRef = F806FDE01AA638920020017E /* tune_bg.png */; };
		F80D1C031A1C09E0000419DF /* main.m in Sources */ = {isa = PBXBuildFile; fileRef = F80D1C021A1C09E0000419DF /* main.m */; };
		F80D1C061A1C09E0000419DF /* AppDelegate.m in Sources */ = {isa = PBXBuildFile; fileRef = F80D1C051A1C09E0000419DF /* AppDelegate.m */; };
		F80D1C091A1C09E0000419DF /* ViewController.m in Sources */ = {isa = PBXBuildFile; fileRef = F80D1C081A1C09E0000419DF /* ViewController.m */; };
		F80D1C0C1A1C09E0000419DF /* Main.storyboard in Resources */ = {isa = PBXBuildFile; fileRef = F80D1C0A1A1C09E0000419DF /* Main.storyboard */; };
		F80D1C0E1A1C09E0000419DF /* Images.xcassets in Resources */ = {isa = PBXBuildFile; fileRef = F80D1C0D1A1C09E0000419DF /* Images.xcassets */; };
		F80D1C111A1C09E0000419DF /* LaunchScreen.xib in Resources */ = {isa = PBXBuildFile; fileRef = F80D1C0F1A1C09E0000419DF /* LaunchScreen.xib */; };
		F80D1C1D1A1C09E0000419DF /* TuneBasicInterstitialAdTests.m in Sources */ = {isa = PBXBuildFile; fileRef = F80D1C1C1A1C09E0000419DF /* TuneBasicInterstitialAdTests.m */; };
		F8B71E891B57374E008E8215 /* MobileAppTracker.framework in Frameworks */ = {isa = PBXBuildFile; fileRef = F8B71E881B57374E008E8215 /* MobileAppTracker.framework */; };
		F8EF1E481A93BE7600839B89 /* icon-58.png in Resources */ = {isa = PBXBuildFile; fileRef = F8EF1E431A93BE7600839B89 /* icon-58.png */; };
		F8EF1E491A93BE7600839B89 /* icon-80.png in Resources */ = {isa = PBXBuildFile; fileRef = F8EF1E441A93BE7600839B89 /* icon-80.png */; };
		F8EF1E4A1A93BE7600839B89 /* icon-120.png in Resources */ = {isa = PBXBuildFile; fileRef = F8EF1E451A93BE7600839B89 /* icon-120.png */; };
		F8EF1E4B1A93BE7600839B89 /* icon-152.png in Resources */ = {isa = PBXBuildFile; fileRef = F8EF1E461A93BE7600839B89 /* icon-152.png */; };
		F8EF1E4C1A93BE7600839B89 /* icon-180.png in Resources */ = {isa = PBXBuildFile; fileRef = F8EF1E471A93BE7600839B89 /* icon-180.png */; };
		F8EF1E5C1A93D6F700839B89 /* icon-76.png in Resources */ = {isa = PBXBuildFile; fileRef = F8EF1E5B1A93D6F700839B89 /* icon-76.png */; };
		F8EF1E601A93D79800839B89 /* icon-87.png in Resources */ = {isa = PBXBuildFile; fileRef = F8EF1E5F1A93D79800839B89 /* icon-87.png */; };
/* End PBXBuildFile section */

/* Begin PBXContainerItemProxy section */
		F80D1C171A1C09E0000419DF /* PBXContainerItemProxy */ = {
			isa = PBXContainerItemProxy;
			containerPortal = F80D1BF51A1C09E0000419DF /* Project object */;
			proxyType = 1;
			remoteGlobalIDString = F80D1BFC1A1C09E0000419DF;
			remoteInfo = TuneBasicInterstitialAd;
		};
/* End PBXContainerItemProxy section */

/* Begin PBXFileReference section */
		F806FDE01AA638920020017E /* tune_bg.png */ = {isa = PBXFileReference; lastKnownFileType = image.png; path = tune_bg.png; sourceTree = "<group>"; };
		F80D1BFD1A1C09E0000419DF /* TuneBasicInterstitialAd.app */ = {isa = PBXFileReference; explicitFileType = wrapper.application; includeInIndex = 0; path = TuneBasicInterstitialAd.app; sourceTree = BUILT_PRODUCTS_DIR; };
		F80D1C011A1C09E0000419DF /* Info.plist */ = {isa = PBXFileReference; lastKnownFileType = text.plist.xml; path = Info.plist; sourceTree = "<group>"; };
		F80D1C021A1C09E0000419DF /* main.m */ = {isa = PBXFileReference; lastKnownFileType = sourcecode.c.objc; path = main.m; sourceTree = "<group>"; };
		F80D1C041A1C09E0000419DF /* AppDelegate.h */ = {isa = PBXFileReference; lastKnownFileType = sourcecode.c.h; path = AppDelegate.h; sourceTree = "<group>"; };
		F80D1C051A1C09E0000419DF /* AppDelegate.m */ = {isa = PBXFileReference; lastKnownFileType = sourcecode.c.objc; path = AppDelegate.m; sourceTree = "<group>"; };
		F80D1C071A1C09E0000419DF /* ViewController.h */ = {isa = PBXFileReference; lastKnownFileType = sourcecode.c.h; path = ViewController.h; sourceTree = "<group>"; };
		F80D1C081A1C09E0000419DF /* ViewController.m */ = {isa = PBXFileReference; lastKnownFileType = sourcecode.c.objc; path = ViewController.m; sourceTree = "<group>"; };
		F80D1C0B1A1C09E0000419DF /* Base */ = {isa = PBXFileReference; lastKnownFileType = file.storyboard; name = Base; path = Base.lproj/Main.storyboard; sourceTree = "<group>"; };
		F80D1C0D1A1C09E0000419DF /* Images.xcassets */ = {isa = PBXFileReference; lastKnownFileType = folder.assetcatalog; path = Images.xcassets; sourceTree = "<group>"; };
		F80D1C101A1C09E0000419DF /* Base */ = {isa = PBXFileReference; lastKnownFileType = file.xib; name = Base; path = Base.lproj/LaunchScreen.xib; sourceTree = "<group>"; };
		F80D1C161A1C09E0000419DF /* TuneBasicInterstitialAdTests.xctest */ = {isa = PBXFileReference; explicitFileType = wrapper.cfbundle; includeInIndex = 0; path = TuneBasicInterstitialAdTests.xctest; sourceTree = BUILT_PRODUCTS_DIR; };
		F80D1C1B1A1C09E0000419DF /* Info.plist */ = {isa = PBXFileReference; lastKnownFileType = text.plist.xml; path = Info.plist; sourceTree = "<group>"; };
		F80D1C1C1A1C09E0000419DF /* TuneBasicInterstitialAdTests.m */ = {isa = PBXFileReference; lastKnownFileType = sourcecode.c.objc; path = TuneBasicInterstitialAdTests.m; sourceTree = "<group>"; };
		F8B71E881B57374E008E8215 /* MobileAppTracker.framework */ = {isa = PBXFileReference; lastKnownFileType = wrapper.framework; path = MobileAppTracker.framework; sourceTree = "<group>"; };
		F8EF1E431A93BE7600839B89 /* icon-58.png */ = {isa = PBXFileReference; lastKnownFileType = image.png; path = "icon-58.png"; sourceTree = "<group>"; };
		F8EF1E441A93BE7600839B89 /* icon-80.png */ = {isa = PBXFileReference; lastKnownFileType = image.png; path = "icon-80.png"; sourceTree = "<group>"; };
		F8EF1E451A93BE7600839B89 /* icon-120.png */ = {isa = PBXFileReference; lastKnownFileType = image.png; path = "icon-120.png"; sourceTree = "<group>"; };
		F8EF1E461A93BE7600839B89 /* icon-152.png */ = {isa = PBXFileReference; lastKnownFileType = image.png; path = "icon-152.png"; sourceTree = "<group>"; };
		F8EF1E471A93BE7600839B89 /* icon-180.png */ = {isa = PBXFileReference; lastKnownFileType = image.png; path = "icon-180.png"; sourceTree = "<group>"; };
		F8EF1E5B1A93D6F700839B89 /* icon-76.png */ = {isa = PBXFileReference; lastKnownFileType = image.png; path = "icon-76.png"; sourceTree = "<group>"; };
		F8EF1E5F1A93D79800839B89 /* icon-87.png */ = {isa = PBXFileReference; lastKnownFileType = image.png; path = "icon-87.png"; sourceTree = "<group>"; };
/* End PBXFileReference section */

/* Begin PBXFrameworksBuildPhase section */
		F80D1BFA1A1C09E0000419DF /* Frameworks */ = {
			isa = PBXFrameworksBuildPhase;
			buildActionMask = 2147483647;
			files = (
				F8B71E891B57374E008E8215 /* MobileAppTracker.framework in Frameworks */,
			);
			runOnlyForDeploymentPostprocessing = 0;
		};
		F80D1C131A1C09E0000419DF /* Frameworks */ = {
			isa = PBXFrameworksBuildPhase;
			buildActionMask = 2147483647;
			files = (
			);
			runOnlyForDeploymentPostprocessing = 0;
		};
/* End PBXFrameworksBuildPhase section */

/* Begin PBXGroup section */
		F80D1BF41A1C09E0000419DF = {
			isa = PBXGroup;
			children = (
				F8B71E881B57374E008E8215 /* MobileAppTracker.framework */,
				F80D1BFF1A1C09E0000419DF /* TuneBasicInterstitialAd */,
				F80D1C191A1C09E0000419DF /* TuneBasicInterstitialAdTests */,
				F80D1BFE1A1C09E0000419DF /* Products */,
			);
			sourceTree = "<group>";
		};
		F80D1BFE1A1C09E0000419DF /* Products */ = {
			isa = PBXGroup;
			children = (
				F80D1BFD1A1C09E0000419DF /* TuneBasicInterstitialAd.app */,
				F80D1C161A1C09E0000419DF /* TuneBasicInterstitialAdTests.xctest */,
			);
			name = Products;
			sourceTree = "<group>";
		};
		F80D1BFF1A1C09E0000419DF /* TuneBasicInterstitialAd */ = {
			isa = PBXGroup;
			children = (
				F80D1C041A1C09E0000419DF /* AppDelegate.h */,
				F80D1C051A1C09E0000419DF /* AppDelegate.m */,
				F80D1C071A1C09E0000419DF /* ViewController.h */,
				F80D1C081A1C09E0000419DF /* ViewController.m */,
				F80D1C0A1A1C09E0000419DF /* Main.storyboard */,
				F80D1C0D1A1C09E0000419DF /* Images.xcassets */,
				F80D1C0F1A1C09E0000419DF /* LaunchScreen.xib */,
				F80D1C001A1C09E0000419DF /* Supporting Files */,
			);
			path = TuneBasicInterstitialAd;
			sourceTree = "<group>";
		};
		F80D1C001A1C09E0000419DF /* Supporting Files */ = {
			isa = PBXGroup;
			children = (
				F806FDE01AA638920020017E /* tune_bg.png */,
				F8EF1E431A93BE7600839B89 /* icon-58.png */,
				F8EF1E5B1A93D6F700839B89 /* icon-76.png */,
				F8EF1E441A93BE7600839B89 /* icon-80.png */,
				F8EF1E5F1A93D79800839B89 /* icon-87.png */,
				F8EF1E451A93BE7600839B89 /* icon-120.png */,
				F8EF1E461A93BE7600839B89 /* icon-152.png */,
				F8EF1E471A93BE7600839B89 /* icon-180.png */,
				F80D1C011A1C09E0000419DF /* Info.plist */,
				F80D1C021A1C09E0000419DF /* main.m */,
			);
			name = "Supporting Files";
			sourceTree = "<group>";
		};
		F80D1C191A1C09E0000419DF /* TuneBasicInterstitialAdTests */ = {
			isa = PBXGroup;
			children = (
				F80D1C1C1A1C09E0000419DF /* TuneBasicInterstitialAdTests.m */,
				F80D1C1A1A1C09E0000419DF /* Supporting Files */,
			);
			path = TuneBasicInterstitialAdTests;
			sourceTree = "<group>";
		};
		F80D1C1A1A1C09E0000419DF /* Supporting Files */ = {
			isa = PBXGroup;
			children = (
				F80D1C1B1A1C09E0000419DF /* Info.plist */,
			);
			name = "Supporting Files";
			sourceTree = "<group>";
		};
/* End PBXGroup section */

/* Begin PBXNativeTarget section */
		F80D1BFC1A1C09E0000419DF /* TuneBasicInterstitialAd */ = {
			isa = PBXNativeTarget;
			buildConfigurationList = F80D1C201A1C09E0000419DF /* Build configuration list for PBXNativeTarget "TuneBasicInterstitialAd" */;
			buildPhases = (
				F80D1BF91A1C09E0000419DF /* Sources */,
				F80D1BFA1A1C09E0000419DF /* Frameworks */,
				F80D1BFB1A1C09E0000419DF /* Resources */,
			);
			buildRules = (
			);
			dependencies = (
			);
			name = TuneBasicInterstitialAd;
			productName = TuneBasicInterstitialAd;
			productReference = F80D1BFD1A1C09E0000419DF /* TuneBasicInterstitialAd.app */;
			productType = "com.apple.product-type.application";
		};
		F80D1C151A1C09E0000419DF /* TuneBasicInterstitialAdTests */ = {
			isa = PBXNativeTarget;
			buildConfigurationList = F80D1C231A1C09E0000419DF /* Build configuration list for PBXNativeTarget "TuneBasicInterstitialAdTests" */;
			buildPhases = (
				F80D1C121A1C09E0000419DF /* Sources */,
				F80D1C131A1C09E0000419DF /* Frameworks */,
				F80D1C141A1C09E0000419DF /* Resources */,
			);
			buildRules = (
			);
			dependencies = (
				F80D1C181A1C09E0000419DF /* PBXTargetDependency */,
			);
			name = TuneBasicInterstitialAdTests;
			productName = TuneBasicInterstitialAdTests;
			productReference = F80D1C161A1C09E0000419DF /* TuneBasicInterstitialAdTests.xctest */;
			productType = "com.apple.product-type.bundle.unit-test";
		};
/* End PBXNativeTarget section */

/* Begin PBXProject section */
		F80D1BF51A1C09E0000419DF /* Project object */ = {
			isa = PBXProject;
			attributes = {
				LastUpgradeCheck = 0700;
				ORGANIZATIONNAME = TUNE;
				TargetAttributes = {
					F80D1BFC1A1C09E0000419DF = {
						CreatedOnToolsVersion = 6.1;
					};
					F80D1C151A1C09E0000419DF = {
						CreatedOnToolsVersion = 6.1;
						TestTargetID = F80D1BFC1A1C09E0000419DF;
					};
				};
			};
			buildConfigurationList = F80D1BF81A1C09E0000419DF /* Build configuration list for PBXProject "TuneBasicInterstitialAd" */;
			compatibilityVersion = "Xcode 3.2";
			developmentRegion = English;
			hasScannedForEncodings = 0;
			knownRegions = (
				en,
				Base,
			);
			mainGroup = F80D1BF41A1C09E0000419DF;
			productRefGroup = F80D1BFE1A1C09E0000419DF /* Products */;
			projectDirPath = "";
			projectRoot = "";
			targets = (
				F80D1BFC1A1C09E0000419DF /* TuneBasicInterstitialAd */,
				F80D1C151A1C09E0000419DF /* TuneBasicInterstitialAdTests */,
			);
		};
/* End PBXProject section */

/* Begin PBXResourcesBuildPhase section */
		F80D1BFB1A1C09E0000419DF /* Resources */ = {
			isa = PBXResourcesBuildPhase;
			buildActionMask = 2147483647;
			files = (
				F8EF1E491A93BE7600839B89 /* icon-80.png in Resources */,
				F80D1C0C1A1C09E0000419DF /* Main.storyboard in Resources */,
				F8EF1E4A1A93BE7600839B89 /* icon-120.png in Resources */,
				F8EF1E601A93D79800839B89 /* icon-87.png in Resources */,
				F8EF1E4B1A93BE7600839B89 /* icon-152.png in Resources */,
				F8EF1E481A93BE7600839B89 /* icon-58.png in Resources */,
				F80D1C111A1C09E0000419DF /* LaunchScreen.xib in Resources */,
				F806FDE11AA638920020017E /* tune_bg.png in Resources */,
				F8EF1E4C1A93BE7600839B89 /* icon-180.png in Resources */,
				F80D1C0E1A1C09E0000419DF /* Images.xcassets in Resources */,
				F8EF1E5C1A93D6F700839B89 /* icon-76.png in Resources */,
			);
			runOnlyForDeploymentPostprocessing = 0;
		};
		F80D1C141A1C09E0000419DF /* Resources */ = {
			isa = PBXResourcesBuildPhase;
			buildActionMask = 2147483647;
			files = (
			);
			runOnlyForDeploymentPostprocessing = 0;
		};
/* End PBXResourcesBuildPhase section */

/* Begin PBXSourcesBuildPhase section */
		F80D1BF91A1C09E0000419DF /* Sources */ = {
			isa = PBXSourcesBuildPhase;
			buildActionMask = 2147483647;
			files = (
				F80D1C091A1C09E0000419DF /* ViewController.m in Sources */,
				F80D1C061A1C09E0000419DF /* AppDelegate.m in Sources */,
				F80D1C031A1C09E0000419DF /* main.m in Sources */,
			);
			runOnlyForDeploymentPostprocessing = 0;
		};
		F80D1C121A1C09E0000419DF /* Sources */ = {
			isa = PBXSourcesBuildPhase;
			buildActionMask = 2147483647;
			files = (
				F80D1C1D1A1C09E0000419DF /* TuneBasicInterstitialAdTests.m in Sources */,
			);
			runOnlyForDeploymentPostprocessing = 0;
		};
/* End PBXSourcesBuildPhase section */

/* Begin PBXTargetDependency section */
		F80D1C181A1C09E0000419DF /* PBXTargetDependency */ = {
			isa = PBXTargetDependency;
			target = F80D1BFC1A1C09E0000419DF /* TuneBasicInterstitialAd */;
			targetProxy = F80D1C171A1C09E0000419DF /* PBXContainerItemProxy */;
		};
/* End PBXTargetDependency section */

/* Begin PBXVariantGroup section */
		F80D1C0A1A1C09E0000419DF /* Main.storyboard */ = {
			isa = PBXVariantGroup;
			children = (
				F80D1C0B1A1C09E0000419DF /* Base */,
			);
			name = Main.storyboard;
			sourceTree = "<group>";
		};
		F80D1C0F1A1C09E0000419DF /* LaunchScreen.xib */ = {
			isa = PBXVariantGroup;
			children = (
				F80D1C101A1C09E0000419DF /* Base */,
			);
			name = LaunchScreen.xib;
			sourceTree = "<group>";
		};
/* End PBXVariantGroup section */

/* Begin XCBuildConfiguration section */
		F80D1C1E1A1C09E0000419DF /* Debug */ = {
			isa = XCBuildConfiguration;
			buildSettings = {
				ALWAYS_SEARCH_USER_PATHS = NO;
				CLANG_CXX_LANGUAGE_STANDARD = "gnu++0x";
				CLANG_CXX_LIBRARY = "libc++";
				CLANG_ENABLE_MODULES = YES;
				CLANG_ENABLE_OBJC_ARC = YES;
				CLANG_WARN_BOOL_CONVERSION = YES;
				CLANG_WARN_CONSTANT_CONVERSION = YES;
				CLANG_WARN_DIRECT_OBJC_ISA_USAGE = YES_ERROR;
				CLANG_WARN_EMPTY_BODY = YES;
				CLANG_WARN_ENUM_CONVERSION = YES;
				CLANG_WARN_INT_CONVERSION = YES;
				CLANG_WARN_OBJC_ROOT_CLASS = YES_ERROR;
				CLANG_WARN_UNREACHABLE_CODE = YES;
				CLANG_WARN__DUPLICATE_METHOD_MATCH = YES;
				"CODE_SIGN_IDENTITY[sdk=iphoneos*]" = "iPhone Developer";
				COPY_PHASE_STRIP = NO;
				ENABLE_STRICT_OBJC_MSGSEND = YES;
				ENABLE_TESTABILITY = YES;
				GCC_C_LANGUAGE_STANDARD = gnu99;
				GCC_DYNAMIC_NO_PIC = NO;
				GCC_OPTIMIZATION_LEVEL = 0;
				GCC_PREPROCESSOR_DEFINITIONS = (
					"DEBUG=1",
					"$(inherited)",
				);
				GCC_SYMBOLS_PRIVATE_EXTERN = NO;
				GCC_WARN_64_TO_32_BIT_CONVERSION = YES;
				GCC_WARN_ABOUT_RETURN_TYPE = YES_ERROR;
				GCC_WARN_UNDECLARED_SELECTOR = YES;
				GCC_WARN_UNINITIALIZED_AUTOS = YES_AGGRESSIVE;
				GCC_WARN_UNUSED_FUNCTION = YES;
				GCC_WARN_UNUSED_VARIABLE = YES;
				IPHONEOS_DEPLOYMENT_TARGET = 8.1;
				MTL_ENABLE_DEBUG_INFO = YES;
				ONLY_ACTIVE_ARCH = YES;
				SDKROOT = iphoneos;
				TARGETED_DEVICE_FAMILY = "1,2";
			};
			name = Debug;
		};
		F80D1C1F1A1C09E0000419DF /* Release */ = {
			isa = XCBuildConfiguration;
			buildSettings = {
				ALWAYS_SEARCH_USER_PATHS = NO;
				CLANG_CXX_LANGUAGE_STANDARD = "gnu++0x";
				CLANG_CXX_LIBRARY = "libc++";
				CLANG_ENABLE_MODULES = YES;
				CLANG_ENABLE_OBJC_ARC = YES;
				CLANG_WARN_BOOL_CONVERSION = YES;
				CLANG_WARN_CONSTANT_CONVERSION = YES;
				CLANG_WARN_DIRECT_OBJC_ISA_USAGE = YES_ERROR;
				CLANG_WARN_EMPTY_BODY = YES;
				CLANG_WARN_ENUM_CONVERSION = YES;
				CLANG_WARN_INT_CONVERSION = YES;
				CLANG_WARN_OBJC_ROOT_CLASS = YES_ERROR;
				CLANG_WARN_UNREACHABLE_CODE = YES;
				CLANG_WARN__DUPLICATE_METHOD_MATCH = YES;
				"CODE_SIGN_IDENTITY[sdk=iphoneos*]" = "iPhone Developer";
				COPY_PHASE_STRIP = YES;
				ENABLE_NS_ASSERTIONS = NO;
				ENABLE_STRICT_OBJC_MSGSEND = YES;
				GCC_C_LANGUAGE_STANDARD = gnu99;
				GCC_WARN_64_TO_32_BIT_CONVERSION = YES;
				GCC_WARN_ABOUT_RETURN_TYPE = YES_ERROR;
				GCC_WARN_UNDECLARED_SELECTOR = YES;
				GCC_WARN_UNINITIALIZED_AUTOS = YES_AGGRESSIVE;
				GCC_WARN_UNUSED_FUNCTION = YES;
				GCC_WARN_UNUSED_VARIABLE = YES;
				IPHONEOS_DEPLOYMENT_TARGET = 8.1;
				MTL_ENABLE_DEBUG_INFO = NO;
				SDKROOT = iphoneos;
				TARGETED_DEVICE_FAMILY = "1,2";
				VALIDATE_PRODUCT = YES;
			};
			name = Release;
		};
		F80D1C211A1C09E0000419DF /* Debug */ = {
			isa = XCBuildConfiguration;
			buildSettings = {
				ASSETCATALOG_COMPILER_APPICON_NAME = AppIcon;
				CODE_SIGN_IDENTITY = "iPhone Developer";
				FRAMEWORK_SEARCH_PATHS = (
					"$(inherited)",
					"$(PROJECT_DIR)",
				);
				INFOPLIST_FILE = TuneBasicInterstitialAd/Info.plist;
				LD_RUNPATH_SEARCH_PATHS = "$(inherited) @executable_path/Frameworks";
				PRODUCT_BUNDLE_IDENTIFIER = "com.hasoffers.$(PRODUCT_NAME:rfc1034identifier)";
				PRODUCT_NAME = "$(TARGET_NAME)";
				TARGETED_DEVICE_FAMILY = "1,2";
			};
			name = Debug;
		};
		F80D1C221A1C09E0000419DF /* Release */ = {
			isa = XCBuildConfiguration;
			buildSettings = {
				ASSETCATALOG_COMPILER_APPICON_NAME = AppIcon;
				CODE_SIGN_IDENTITY = "iPhone Developer";
				FRAMEWORK_SEARCH_PATHS = (
					"$(inherited)",
					"$(PROJECT_DIR)",
				);
				INFOPLIST_FILE = TuneBasicInterstitialAd/Info.plist;
				LD_RUNPATH_SEARCH_PATHS = "$(inherited) @executable_path/Frameworks";
				PRODUCT_BUNDLE_IDENTIFIER = "com.hasoffers.$(PRODUCT_NAME:rfc1034identifier)";
				PRODUCT_NAME = "$(TARGET_NAME)";
				TARGETED_DEVICE_FAMILY = "1,2";
			};
			name = Release;
		};
		F80D1C241A1C09E0000419DF /* Debug */ = {
			isa = XCBuildConfiguration;
			buildSettings = {
				BUNDLE_LOADER = "$(TEST_HOST)";
				FRAMEWORK_SEARCH_PATHS = (
					"$(SDKROOT)/Developer/Library/Frameworks",
					"$(inherited)",
				);
				GCC_PREPROCESSOR_DEFINITIONS = (
					"DEBUG=1",
					"$(inherited)",
				);
				INFOPLIST_FILE = TuneBasicInterstitialAdTests/Info.plist;
				LD_RUNPATH_SEARCH_PATHS = "$(inherited) @executable_path/Frameworks @loader_path/Frameworks";
				PRODUCT_BUNDLE_IDENTIFIER = "com.hasoffers.$(PRODUCT_NAME:rfc1034identifier)";
				PRODUCT_NAME = "$(TARGET_NAME)";
				TEST_HOST = "$(BUILT_PRODUCTS_DIR)/TuneBasicInterstitialAd.app/TuneBasicInterstitialAd";
			};
			name = Debug;
		};
		F80D1C251A1C09E0000419DF /* Release */ = {
			isa = XCBuildConfiguration;
			buildSettings = {
				BUNDLE_LOADER = "$(TEST_HOST)";
				FRAMEWORK_SEARCH_PATHS = (
					"$(SDKROOT)/Developer/Library/Frameworks",
					"$(inherited)",
				);
				INFOPLIST_FILE = TuneBasicInterstitialAdTests/Info.plist;
				LD_RUNPATH_SEARCH_PATHS = "$(inherited) @executable_path/Frameworks @loader_path/Frameworks";
				PRODUCT_BUNDLE_IDENTIFIER = "com.hasoffers.$(PRODUCT_NAME:rfc1034identifier)";
				PRODUCT_NAME = "$(TARGET_NAME)";
				TEST_HOST = "$(BUILT_PRODUCTS_DIR)/TuneBasicInterstitialAd.app/TuneBasicInterstitialAd";
			};
			name = Release;
		};
/* End XCBuildConfiguration section */

/* Begin XCConfigurationList section */
		F80D1BF81A1C09E0000419DF /* Build configuration list for PBXProject "TuneBasicInterstitialAd" */ = {
			isa = XCConfigurationList;
			buildConfigurations = (
				F80D1C1E1A1C09E0000419DF /* Debug */,
				F80D1C1F1A1C09E0000419DF /* Release */,
			);
			defaultConfigurationIsVisible = 0;
			defaultConfigurationName = Release;
		};
		F80D1C201A1C09E0000419DF /* Build configuration list for PBXNativeTarget "TuneBasicInterstitialAd" */ = {
			isa = XCConfigurationList;
			buildConfigurations = (
				F80D1C211A1C09E0000419DF /* Debug */,
				F80D1C221A1C09E0000419DF /* Release */,
			);
			defaultConfigurationIsVisible = 0;
			defaultConfigurationName = Release;
		};
		F80D1C231A1C09E0000419DF /* Build configuration list for PBXNativeTarget "TuneBasicInterstitialAdTests" */ = {
			isa = XCConfigurationList;
			buildConfigurations = (
				F80D1C241A1C09E0000419DF /* Debug */,
				F80D1C251A1C09E0000419DF /* Release */,
			);
			defaultConfigurationIsVisible = 0;
			defaultConfigurationName = Release;
		};
/* End XCConfigurationList section */
	};
	rootObject = F80D1BF51A1C09E0000419DF /* Project object */;
}
